// !$*UTF8*$!
{
	archiveVersion = 1;
	classes = {
	};
	objectVersion = 55;
	objects = {

/* Begin PBXBuildFile section */
		0873BF24748100E794AE8958 /* libPods-SKPegKitTests.a in Frameworks */ = {isa = PBXBuildFile; fileRef = 5CC20404B808DF1FE5233155 /* libPods-SKPegKitTests.a */; };
		6F84D57427EF5556005612A1 /* PKTokenizerStateTests.m in Sources */ = {isa = PBXBuildFile; fileRef = 6F84D57327EF5556005612A1 /* PKTokenizerStateTests.m */; };
		6F84D57827EF5845005612A1 /* PKSymbolNode.h in Headers */ = {isa = PBXBuildFile; fileRef = 6F84D57627EF5845005612A1 /* PKSymbolNode.h */; settings = {ATTRIBUTES = (Public, ); }; };
		6F84D57927EF5845005612A1 /* PKSymbolNode.m in Sources */ = {isa = PBXBuildFile; fileRef = 6F84D57727EF5845005612A1 /* PKSymbolNode.m */; };
		6F84D57C27EF5852005612A1 /* PKSymbolRootNode.h in Headers */ = {isa = PBXBuildFile; fileRef = 6F84D57A27EF5852005612A1 /* PKSymbolRootNode.h */; settings = {ATTRIBUTES = (Public, ); }; };
		6F84D57D27EF5852005612A1 /* PKSymbolRootNode.m in Sources */ = {isa = PBXBuildFile; fileRef = 6F84D57B27EF5852005612A1 /* PKSymbolRootNode.m */; };
		6F84D58027F2B34F005612A1 /* PKWhitespaceStateTests.m in Sources */ = {isa = PBXBuildFile; fileRef = 6F84D57F27F2B34F005612A1 /* PKWhitespaceStateTests.m */; };
		6FD268B627ECBB4600C37B5D /* SKPegKit.framework in Frameworks */ = {isa = PBXBuildFile; fileRef = 6FD268AB27ECBB4600C37B5D /* SKPegKit.framework */; };
		6FD268BC27ECBB4600C37B5D /* SKPegKit.h in Headers */ = {isa = PBXBuildFile; fileRef = 6FD268AE27ECBB4600C37B5D /* SKPegKit.h */; settings = {ATTRIBUTES = (Public, ); }; };
		6FD268CB27ECBD2F00C37B5D /* TDTemplateEngine.h in Headers */ = {isa = PBXBuildFile; fileRef = 6FD268C927ECBD2F00C37B5D /* TDTemplateEngine.h */; settings = {ATTRIBUTES = (Public, ); }; };
		6FD268CC27ECBD2F00C37B5D /* TDTemplateEngine.m in Sources */ = {isa = PBXBuildFile; fileRef = 6FD268CA27ECBD2F00C37B5D /* TDTemplateEngine.m */; };
		6FD268D027ED2A4B00C37B5D /* TDTemplateContext.h in Headers */ = {isa = PBXBuildFile; fileRef = 6FD268CE27ED2A4B00C37B5D /* TDTemplateContext.h */; settings = {ATTRIBUTES = (Public, ); }; };
		6FD268D127ED2A4B00C37B5D /* TDTemplateContext.m in Sources */ = {isa = PBXBuildFile; fileRef = 6FD268CF27ED2A4B00C37B5D /* TDTemplateContext.m */; };
		6FD268D427ED2B3F00C37B5D /* TDWriter.h in Headers */ = {isa = PBXBuildFile; fileRef = 6FD268D227ED2B3F00C37B5D /* TDWriter.h */; settings = {ATTRIBUTES = (Public, ); }; };
		6FD268D527ED2B3F00C37B5D /* TDWriter.m in Sources */ = {isa = PBXBuildFile; fileRef = 6FD268D327ED2B3F00C37B5D /* TDWriter.m */; };
		6FD268D827ED420400C37B5D /* SKPegKit-Prefix.h in Headers */ = {isa = PBXBuildFile; fileRef = 6FD268D727ED3FCD00C37B5D /* SKPegKit-Prefix.h */; };
		6FD268DC27ED47F700C37B5D /* TDTag.h in Headers */ = {isa = PBXBuildFile; fileRef = 6FD268DA27ED47F700C37B5D /* TDTag.h */; settings = {ATTRIBUTES = (Public, ); }; };
		6FD268DD27ED47F700C37B5D /* TDTag.m in Sources */ = {isa = PBXBuildFile; fileRef = 6FD268DB27ED47F700C37B5D /* TDTag.m */; };
		6FD268E127ED482700C37B5D /* TDNode.h in Headers */ = {isa = PBXBuildFile; fileRef = 6FD268DF27ED482700C37B5D /* TDNode.h */; settings = {ATTRIBUTES = (Public, ); }; };
		6FD268E227ED482700C37B5D /* TDNode.m in Sources */ = {isa = PBXBuildFile; fileRef = 6FD268E027ED482700C37B5D /* TDNode.m */; };
		6FD268E627ED48CE00C37B5D /* PKAST.h in Headers */ = {isa = PBXBuildFile; fileRef = 6FD268E427ED48CE00C37B5D /* PKAST.h */; settings = {ATTRIBUTES = (Public, ); }; };
		6FD268E727ED48CE00C37B5D /* PKAST.m in Sources */ = {isa = PBXBuildFile; fileRef = 6FD268E527ED48CE00C37B5D /* PKAST.m */; };
		6FD268ED27ED4B7300C37B5D /* PKTypes.h in Headers */ = {isa = PBXBuildFile; fileRef = 6FD268EC27ED4B7300C37B5D /* PKTypes.h */; settings = {ATTRIBUTES = (Public, ); }; };
		6FD268F027ED4BB300C37B5D /* PKToken.h in Headers */ = {isa = PBXBuildFile; fileRef = 6FD268EE27ED4BB300C37B5D /* PKToken.h */; settings = {ATTRIBUTES = (Public, ); }; };
		6FD268F127ED4BB300C37B5D /* PKToken.m in Sources */ = {isa = PBXBuildFile; fileRef = 6FD268EF27ED4BB300C37B5D /* PKToken.m */; };
		6FD268F527ED52C500C37B5D /* NSString+PEGKitAdditions.h in Headers */ = {isa = PBXBuildFile; fileRef = 6FD268F327ED52C500C37B5D /* NSString+PEGKitAdditions.h */; settings = {ATTRIBUTES = (Public, ); }; };
		6FD268F627ED52C500C37B5D /* NSString+PEGKitAdditions.m in Sources */ = {isa = PBXBuildFile; fileRef = 6FD268F427ED52C500C37B5D /* NSString+PEGKitAdditions.m */; };
		6FD268F827ED5CFC00C37B5D /* XPBaseExpressionTests.m in Sources */ = {isa = PBXBuildFile; fileRef = 6FD268F727ED5CFC00C37B5D /* XPBaseExpressionTests.m */; };
		6FD268FE27ED5F6100C37B5D /* XPExpression.h in Headers */ = {isa = PBXBuildFile; fileRef = 6FD268FC27ED5F6100C37B5D /* XPExpression.h */; settings = {ATTRIBUTES = (Public, ); }; };
		6FD268FF27ED5F6100C37B5D /* XPExpression.m in Sources */ = {isa = PBXBuildFile; fileRef = 6FD268FD27ED5F6100C37B5D /* XPExpression.m */; };
		6FD2690427ED764100C37B5D /* XPParser.h in Headers */ = {isa = PBXBuildFile; fileRef = 6FD2690227ED764100C37B5D /* XPParser.h */; settings = {ATTRIBUTES = (Public, ); }; };
		6FD2690527ED764100C37B5D /* XPParser.m in Sources */ = {isa = PBXBuildFile; fileRef = 6FD2690327ED764100C37B5D /* XPParser.m */; };
		6FD2690827ED76F300C37B5D /* PKParser.h in Headers */ = {isa = PBXBuildFile; fileRef = 6FD2690627ED76F300C37B5D /* PKParser.h */; settings = {ATTRIBUTES = (Public, ); }; };
		6FD2690927ED76F300C37B5D /* PKParser.m in Sources */ = {isa = PBXBuildFile; fileRef = 6FD2690727ED76F300C37B5D /* PKParser.m */; };
		6FD2690C27ED77ED00C37B5D /* PKTokenizer.h in Headers */ = {isa = PBXBuildFile; fileRef = 6FD2690A27ED77ED00C37B5D /* PKTokenizer.h */; settings = {ATTRIBUTES = (Public, ); }; };
		6FD2690D27ED77ED00C37B5D /* PKTokenizer.m in Sources */ = {isa = PBXBuildFile; fileRef = 6FD2690B27ED77ED00C37B5D /* PKTokenizer.m */; };
		6FD2691027ED78F800C37B5D /* PKTokenizerState.h in Headers */ = {isa = PBXBuildFile; fileRef = 6FD2690E27ED78F800C37B5D /* PKTokenizerState.h */; settings = {ATTRIBUTES = (Public, ); }; };
		6FD2691127ED78F800C37B5D /* PKTokenizerState.m in Sources */ = {isa = PBXBuildFile; fileRef = 6FD2690F27ED78F800C37B5D /* PKTokenizerState.m */; };
		6FD2691327EE055900C37B5D /* TDTestScaffold.m in Sources */ = {isa = PBXBuildFile; fileRef = 6FD2691227EE055900C37B5D /* TDTestScaffold.m */; };
		6FD2691627EE05E000C37B5D /* PKReader.h in Headers */ = {isa = PBXBuildFile; fileRef = 6FD2691427EE05E000C37B5D /* PKReader.h */; settings = {ATTRIBUTES = (Public, ); }; };
		6FD2691727EE05E000C37B5D /* PKReader.m in Sources */ = {isa = PBXBuildFile; fileRef = 6FD2691527EE05E000C37B5D /* PKReader.m */; };
		6FD2691A27EE121400C37B5D /* PKReaderTests.m in Sources */ = {isa = PBXBuildFile; fileRef = 6FD2691927EE121400C37B5D /* PKReaderTests.m */; };
		6FD2691C27EE199000C37B5D /* PKTokenizerTests.m in Sources */ = {isa = PBXBuildFile; fileRef = 6FD2691B27EE199000C37B5D /* PKTokenizerTests.m */; };
		6FD2691F27EE1C5B00C37B5D /* PKNumberState.h in Headers */ = {isa = PBXBuildFile; fileRef = 6FD2691D27EE1C5B00C37B5D /* PKNumberState.h */; settings = {ATTRIBUTES = (Public, ); }; };
		6FD2692027EE1C5B00C37B5D /* PKNumberState.m in Sources */ = {isa = PBXBuildFile; fileRef = 6FD2691E27EE1C5B00C37B5D /* PKNumberState.m */; };
		6FD2692327EE1D4200C37B5D /* PKQuoteState.h in Headers */ = {isa = PBXBuildFile; fileRef = 6FD2692127EE1D4200C37B5D /* PKQuoteState.h */; settings = {ATTRIBUTES = (Public, ); }; };
		6FD2692427EE1D4200C37B5D /* PKQuoteState.m in Sources */ = {isa = PBXBuildFile; fileRef = 6FD2692227EE1D4200C37B5D /* PKQuoteState.m */; };
		6FD2692727EE1D4B00C37B5D /* PKSymbolState.h in Headers */ = {isa = PBXBuildFile; fileRef = 6FD2692527EE1D4B00C37B5D /* PKSymbolState.h */; settings = {ATTRIBUTES = (Public, ); }; };
		6FD2692827EE1D4B00C37B5D /* PKSymbolState.m in Sources */ = {isa = PBXBuildFile; fileRef = 6FD2692627EE1D4B00C37B5D /* PKSymbolState.m */; };
		6FD2692B27EE1D5200C37B5D /* PKWordState.h in Headers */ = {isa = PBXBuildFile; fileRef = 6FD2692927EE1D5200C37B5D /* PKWordState.h */; settings = {ATTRIBUTES = (Public, ); }; };
		6FD2692C27EE1D5200C37B5D /* PKWordState.m in Sources */ = {isa = PBXBuildFile; fileRef = 6FD2692A27EE1D5200C37B5D /* PKWordState.m */; };
		6FD2692F27EE1D5A00C37B5D /* PKWhitespaceState.h in Headers */ = {isa = PBXBuildFile; fileRef = 6FD2692D27EE1D5A00C37B5D /* PKWhitespaceState.h */; settings = {ATTRIBUTES = (Public, ); }; };
		6FD2693027EE1D5A00C37B5D /* PKWhitespaceState.m in Sources */ = {isa = PBXBuildFile; fileRef = 6FD2692E27EE1D5A00C37B5D /* PKWhitespaceState.m */; };
		6FD2693327EE1D6200C37B5D /* PKDelimitState.h in Headers */ = {isa = PBXBuildFile; fileRef = 6FD2693127EE1D6200C37B5D /* PKDelimitState.h */; settings = {ATTRIBUTES = (Public, ); }; };
		6FD2693427EE1D6200C37B5D /* PKDelimitState.m in Sources */ = {isa = PBXBuildFile; fileRef = 6FD2693227EE1D6200C37B5D /* PKDelimitState.m */; };
		6FD2693727EE1D7900C37B5D /* PKCommentState.h in Headers */ = {isa = PBXBuildFile; fileRef = 6FD2693527EE1D7900C37B5D /* PKCommentState.h */; settings = {ATTRIBUTES = (Public, ); }; };
		6FD2693827EE1D7900C37B5D /* PKCommentState.m in Sources */ = {isa = PBXBuildFile; fileRef = 6FD2693627EE1D7900C37B5D /* PKCommentState.m */; };
		6FD2693B27EE1D8800C37B5D /* PKSingleLineCommentState.h in Headers */ = {isa = PBXBuildFile; fileRef = 6FD2693927EE1D8800C37B5D /* PKSingleLineCommentState.h */; settings = {ATTRIBUTES = (Public, ); }; };
		6FD2693C27EE1D8800C37B5D /* PKSingleLineCommentState.m in Sources */ = {isa = PBXBuildFile; fileRef = 6FD2693A27EE1D8800C37B5D /* PKSingleLineCommentState.m */; };
		6FD2693F27EE1D9700C37B5D /* PKMultiLineCommentState.h in Headers */ = {isa = PBXBuildFile; fileRef = 6FD2693D27EE1D9700C37B5D /* PKMultiLineCommentState.h */; settings = {ATTRIBUTES = (Public, ); }; };
		6FD2694027EE1D9700C37B5D /* PKMultiLineCommentState.m in Sources */ = {isa = PBXBuildFile; fileRef = 6FD2693E27EE1D9700C37B5D /* PKMultiLineCommentState.m */; };
		6FD2694327EE1DA200C37B5D /* PKEmailState.h in Headers */ = {isa = PBXBuildFile; fileRef = 6FD2694127EE1DA200C37B5D /* PKEmailState.h */; settings = {ATTRIBUTES = (Public, ); }; };
		6FD2694427EE1DA200C37B5D /* PKEmailState.m in Sources */ = {isa = PBXBuildFile; fileRef = 6FD2694227EE1DA200C37B5D /* PKEmailState.m */; };
		6FD2694727EE1DA900C37B5D /* PKURLState.h in Headers */ = {isa = PBXBuildFile; fileRef = 6FD2694527EE1DA900C37B5D /* PKURLState.h */; settings = {ATTRIBUTES = (Public, ); }; };
		6FD2694827EE1DA900C37B5D /* PKURLState.m in Sources */ = {isa = PBXBuildFile; fileRef = 6FD2694627EE1DA900C37B5D /* PKURLState.m */; };
		6FD2694B27EE1DB300C37B5D /* PKTwitterState.h in Headers */ = {isa = PBXBuildFile; fileRef = 6FD2694927EE1DB300C37B5D /* PKTwitterState.h */; settings = {ATTRIBUTES = (Public, ); }; };
		6FD2694C27EE1DB300C37B5D /* PKTwitterState.m in Sources */ = {isa = PBXBuildFile; fileRef = 6FD2694A27EE1DB300C37B5D /* PKTwitterState.m */; };
		6FD2694F27EE1DBC00C37B5D /* PKHashtagState.h in Headers */ = {isa = PBXBuildFile; fileRef = 6FD2694D27EE1DBC00C37B5D /* PKHashtagState.h */; settings = {ATTRIBUTES = (Public, ); }; };
		6FD2695027EE1DBC00C37B5D /* PKHashtagState.m in Sources */ = {isa = PBXBuildFile; fileRef = 6FD2694E27EE1DBC00C37B5D /* PKHashtagState.m */; };
/* End PBXBuildFile section */

/* Begin PBXContainerItemProxy section */
		6FD268B727ECBB4600C37B5D /* PBXContainerItemProxy */ = {
			isa = PBXContainerItemProxy;
			containerPortal = 6FD268A227ECBB4600C37B5D /* Project object */;
			proxyType = 1;
			remoteGlobalIDString = 6FD268AA27ECBB4600C37B5D;
			remoteInfo = SKPegKit;
		};
/* End PBXContainerItemProxy section */

/* Begin PBXFileReference section */
		095864D4B4828E0FD66070F6 /* Pods-SKPegKitTests.release.xcconfig */ = {isa = PBXFileReference; includeInIndex = 1; lastKnownFileType = text.xcconfig; name = "Pods-SKPegKitTests.release.xcconfig"; path = "Target Support Files/Pods-SKPegKitTests/Pods-SKPegKitTests.release.xcconfig"; sourceTree = "<group>"; };
		5CC20404B808DF1FE5233155 /* libPods-SKPegKitTests.a */ = {isa = PBXFileReference; explicitFileType = archive.ar; includeInIndex = 0; path = "libPods-SKPegKitTests.a"; sourceTree = BUILT_PRODUCTS_DIR; };
		6F84D57327EF5556005612A1 /* PKTokenizerStateTests.m */ = {isa = PBXFileReference; lastKnownFileType = sourcecode.c.objc; path = PKTokenizerStateTests.m; sourceTree = "<group>"; };
		6F84D57627EF5845005612A1 /* PKSymbolNode.h */ = {isa = PBXFileReference; lastKnownFileType = sourcecode.c.h; path = PKSymbolNode.h; sourceTree = "<group>"; };
		6F84D57727EF5845005612A1 /* PKSymbolNode.m */ = {isa = PBXFileReference; lastKnownFileType = sourcecode.c.objc; path = PKSymbolNode.m; sourceTree = "<group>"; };
		6F84D57A27EF5852005612A1 /* PKSymbolRootNode.h */ = {isa = PBXFileReference; lastKnownFileType = sourcecode.c.h; path = PKSymbolRootNode.h; sourceTree = "<group>"; };
		6F84D57B27EF5852005612A1 /* PKSymbolRootNode.m */ = {isa = PBXFileReference; lastKnownFileType = sourcecode.c.objc; path = PKSymbolRootNode.m; sourceTree = "<group>"; };
		6F84D57F27F2B34F005612A1 /* PKWhitespaceStateTests.m */ = {isa = PBXFileReference; lastKnownFileType = sourcecode.c.objc; path = PKWhitespaceStateTests.m; sourceTree = "<group>"; };
		6FD268AB27ECBB4600C37B5D /* SKPegKit.framework */ = {isa = PBXFileReference; explicitFileType = wrapper.framework; includeInIndex = 0; path = SKPegKit.framework; sourceTree = BUILT_PRODUCTS_DIR; };
		6FD268AE27ECBB4600C37B5D /* SKPegKit.h */ = {isa = PBXFileReference; lastKnownFileType = sourcecode.c.h; path = SKPegKit.h; sourceTree = "<group>"; };
		6FD268B527ECBB4600C37B5D /* SKPegKitTests.xctest */ = {isa = PBXFileReference; explicitFileType = wrapper.cfbundle; includeInIndex = 0; path = SKPegKitTests.xctest; sourceTree = BUILT_PRODUCTS_DIR; };
		6FD268C527ECBB8B00C37B5D /* TDTestScaffold.h */ = {isa = PBXFileReference; lastKnownFileType = sourcecode.c.h; path = TDTestScaffold.h; sourceTree = "<group>"; };
		6FD268C927ECBD2F00C37B5D /* TDTemplateEngine.h */ = {isa = PBXFileReference; lastKnownFileType = sourcecode.c.h; path = TDTemplateEngine.h; sourceTree = "<group>"; };
		6FD268CA27ECBD2F00C37B5D /* TDTemplateEngine.m */ = {isa = PBXFileReference; lastKnownFileType = sourcecode.c.objc; path = TDTemplateEngine.m; sourceTree = "<group>"; };
		6FD268CD27ECC02600C37B5D /* README.md */ = {isa = PBXFileReference; lastKnownFileType = net.daringfireball.markdown; path = README.md; sourceTree = "<group>"; };
		6FD268CE27ED2A4B00C37B5D /* TDTemplateContext.h */ = {isa = PBXFileReference; lastKnownFileType = sourcecode.c.h; path = TDTemplateContext.h; sourceTree = "<group>"; };
		6FD268CF27ED2A4B00C37B5D /* TDTemplateContext.m */ = {isa = PBXFileReference; lastKnownFileType = sourcecode.c.objc; path = TDTemplateContext.m; sourceTree = "<group>"; };
		6FD268D227ED2B3F00C37B5D /* TDWriter.h */ = {isa = PBXFileReference; lastKnownFileType = sourcecode.c.h; path = TDWriter.h; sourceTree = "<group>"; };
		6FD268D327ED2B3F00C37B5D /* TDWriter.m */ = {isa = PBXFileReference; lastKnownFileType = sourcecode.c.objc; path = TDWriter.m; sourceTree = "<group>"; };
		6FD268D727ED3FCD00C37B5D /* SKPegKit-Prefix.h */ = {isa = PBXFileReference; lastKnownFileType = sourcecode.c.h; path = "SKPegKit-Prefix.h"; sourceTree = "<group>"; };
		6FD268DA27ED47F700C37B5D /* TDTag.h */ = {isa = PBXFileReference; lastKnownFileType = sourcecode.c.h; path = TDTag.h; sourceTree = "<group>"; };
		6FD268DB27ED47F700C37B5D /* TDTag.m */ = {isa = PBXFileReference; lastKnownFileType = sourcecode.c.objc; path = TDTag.m; sourceTree = "<group>"; };
		6FD268DF27ED482700C37B5D /* TDNode.h */ = {isa = PBXFileReference; lastKnownFileType = sourcecode.c.h; path = TDNode.h; sourceTree = "<group>"; };
		6FD268E027ED482700C37B5D /* TDNode.m */ = {isa = PBXFileReference; lastKnownFileType = sourcecode.c.objc; path = TDNode.m; sourceTree = "<group>"; };
		6FD268E427ED48CE00C37B5D /* PKAST.h */ = {isa = PBXFileReference; lastKnownFileType = sourcecode.c.h; path = PKAST.h; sourceTree = "<group>"; };
		6FD268E527ED48CE00C37B5D /* PKAST.m */ = {isa = PBXFileReference; lastKnownFileType = sourcecode.c.objc; path = PKAST.m; sourceTree = "<group>"; };
		6FD268EC27ED4B7300C37B5D /* PKTypes.h */ = {isa = PBXFileReference; lastKnownFileType = sourcecode.c.h; path = PKTypes.h; sourceTree = "<group>"; };
		6FD268EE27ED4BB300C37B5D /* PKToken.h */ = {isa = PBXFileReference; lastKnownFileType = sourcecode.c.h; path = PKToken.h; sourceTree = "<group>"; };
		6FD268EF27ED4BB300C37B5D /* PKToken.m */ = {isa = PBXFileReference; lastKnownFileType = sourcecode.c.objc; path = PKToken.m; sourceTree = "<group>"; };
		6FD268F327ED52C500C37B5D /* NSString+PEGKitAdditions.h */ = {isa = PBXFileReference; lastKnownFileType = sourcecode.c.h; path = "NSString+PEGKitAdditions.h"; sourceTree = "<group>"; };
		6FD268F427ED52C500C37B5D /* NSString+PEGKitAdditions.m */ = {isa = PBXFileReference; lastKnownFileType = sourcecode.c.objc; path = "NSString+PEGKitAdditions.m"; sourceTree = "<group>"; };
		6FD268F727ED5CFC00C37B5D /* XPBaseExpressionTests.m */ = {isa = PBXFileReference; lastKnownFileType = sourcecode.c.objc; path = XPBaseExpressionTests.m; sourceTree = "<group>"; };
		6FD268F927ED5D4B00C37B5D /* XPBaseExpressionTests.h */ = {isa = PBXFileReference; lastKnownFileType = sourcecode.c.h; path = XPBaseExpressionTests.h; sourceTree = "<group>"; };
		6FD268FC27ED5F6100C37B5D /* XPExpression.h */ = {isa = PBXFileReference; lastKnownFileType = sourcecode.c.h; path = XPExpression.h; sourceTree = "<group>"; };
		6FD268FD27ED5F6100C37B5D /* XPExpression.m */ = {isa = PBXFileReference; lastKnownFileType = sourcecode.c.objc; path = XPExpression.m; sourceTree = "<group>"; };
		6FD2690227ED764100C37B5D /* XPParser.h */ = {isa = PBXFileReference; lastKnownFileType = sourcecode.c.h; path = XPParser.h; sourceTree = "<group>"; };
		6FD2690327ED764100C37B5D /* XPParser.m */ = {isa = PBXFileReference; lastKnownFileType = sourcecode.c.objc; path = XPParser.m; sourceTree = "<group>"; };
		6FD2690627ED76F300C37B5D /* PKParser.h */ = {isa = PBXFileReference; lastKnownFileType = sourcecode.c.h; path = PKParser.h; sourceTree = "<group>"; };
		6FD2690727ED76F300C37B5D /* PKParser.m */ = {isa = PBXFileReference; lastKnownFileType = sourcecode.c.objc; path = PKParser.m; sourceTree = "<group>"; };
		6FD2690A27ED77ED00C37B5D /* PKTokenizer.h */ = {isa = PBXFileReference; lastKnownFileType = sourcecode.c.h; path = PKTokenizer.h; sourceTree = "<group>"; };
		6FD2690B27ED77ED00C37B5D /* PKTokenizer.m */ = {isa = PBXFileReference; lastKnownFileType = sourcecode.c.objc; path = PKTokenizer.m; sourceTree = "<group>"; };
		6FD2690E27ED78F800C37B5D /* PKTokenizerState.h */ = {isa = PBXFileReference; lastKnownFileType = sourcecode.c.h; path = PKTokenizerState.h; sourceTree = "<group>"; };
		6FD2690F27ED78F800C37B5D /* PKTokenizerState.m */ = {isa = PBXFileReference; lastKnownFileType = sourcecode.c.objc; path = PKTokenizerState.m; sourceTree = "<group>"; };
		6FD2691227EE055900C37B5D /* TDTestScaffold.m */ = {isa = PBXFileReference; lastKnownFileType = sourcecode.c.objc; path = TDTestScaffold.m; sourceTree = "<group>"; };
		6FD2691427EE05E000C37B5D /* PKReader.h */ = {isa = PBXFileReference; lastKnownFileType = sourcecode.c.h; path = PKReader.h; sourceTree = "<group>"; };
		6FD2691527EE05E000C37B5D /* PKReader.m */ = {isa = PBXFileReference; lastKnownFileType = sourcecode.c.objc; path = PKReader.m; sourceTree = "<group>"; };
		6FD2691927EE121400C37B5D /* PKReaderTests.m */ = {isa = PBXFileReference; lastKnownFileType = sourcecode.c.objc; path = PKReaderTests.m; sourceTree = "<group>"; };
		6FD2691B27EE199000C37B5D /* PKTokenizerTests.m */ = {isa = PBXFileReference; lastKnownFileType = sourcecode.c.objc; path = PKTokenizerTests.m; sourceTree = "<group>"; };
		6FD2691D27EE1C5B00C37B5D /* PKNumberState.h */ = {isa = PBXFileReference; lastKnownFileType = sourcecode.c.h; path = PKNumberState.h; sourceTree = "<group>"; };
		6FD2691E27EE1C5B00C37B5D /* PKNumberState.m */ = {isa = PBXFileReference; lastKnownFileType = sourcecode.c.objc; path = PKNumberState.m; sourceTree = "<group>"; };
		6FD2692127EE1D4200C37B5D /* PKQuoteState.h */ = {isa = PBXFileReference; lastKnownFileType = sourcecode.c.h; path = PKQuoteState.h; sourceTree = "<group>"; };
		6FD2692227EE1D4200C37B5D /* PKQuoteState.m */ = {isa = PBXFileReference; lastKnownFileType = sourcecode.c.objc; path = PKQuoteState.m; sourceTree = "<group>"; };
		6FD2692527EE1D4B00C37B5D /* PKSymbolState.h */ = {isa = PBXFileReference; lastKnownFileType = sourcecode.c.h; path = PKSymbolState.h; sourceTree = "<group>"; };
		6FD2692627EE1D4B00C37B5D /* PKSymbolState.m */ = {isa = PBXFileReference; lastKnownFileType = sourcecode.c.objc; path = PKSymbolState.m; sourceTree = "<group>"; };
		6FD2692927EE1D5200C37B5D /* PKWordState.h */ = {isa = PBXFileReference; lastKnownFileType = sourcecode.c.h; path = PKWordState.h; sourceTree = "<group>"; };
		6FD2692A27EE1D5200C37B5D /* PKWordState.m */ = {isa = PBXFileReference; lastKnownFileType = sourcecode.c.objc; path = PKWordState.m; sourceTree = "<group>"; };
		6FD2692D27EE1D5A00C37B5D /* PKWhitespaceState.h */ = {isa = PBXFileReference; lastKnownFileType = sourcecode.c.h; path = PKWhitespaceState.h; sourceTree = "<group>"; };
		6FD2692E27EE1D5A00C37B5D /* PKWhitespaceState.m */ = {isa = PBXFileReference; lastKnownFileType = sourcecode.c.objc; path = PKWhitespaceState.m; sourceTree = "<group>"; };
		6FD2693127EE1D6200C37B5D /* PKDelimitState.h */ = {isa = PBXFileReference; lastKnownFileType = sourcecode.c.h; path = PKDelimitState.h; sourceTree = "<group>"; };
		6FD2693227EE1D6200C37B5D /* PKDelimitState.m */ = {isa = PBXFileReference; lastKnownFileType = sourcecode.c.objc; path = PKDelimitState.m; sourceTree = "<group>"; };
		6FD2693527EE1D7900C37B5D /* PKCommentState.h */ = {isa = PBXFileReference; lastKnownFileType = sourcecode.c.h; path = PKCommentState.h; sourceTree = "<group>"; };
		6FD2693627EE1D7900C37B5D /* PKCommentState.m */ = {isa = PBXFileReference; lastKnownFileType = sourcecode.c.objc; path = PKCommentState.m; sourceTree = "<group>"; };
		6FD2693927EE1D8800C37B5D /* PKSingleLineCommentState.h */ = {isa = PBXFileReference; lastKnownFileType = sourcecode.c.h; path = PKSingleLineCommentState.h; sourceTree = "<group>"; };
		6FD2693A27EE1D8800C37B5D /* PKSingleLineCommentState.m */ = {isa = PBXFileReference; lastKnownFileType = sourcecode.c.objc; path = PKSingleLineCommentState.m; sourceTree = "<group>"; };
		6FD2693D27EE1D9700C37B5D /* PKMultiLineCommentState.h */ = {isa = PBXFileReference; lastKnownFileType = sourcecode.c.h; path = PKMultiLineCommentState.h; sourceTree = "<group>"; };
		6FD2693E27EE1D9700C37B5D /* PKMultiLineCommentState.m */ = {isa = PBXFileReference; lastKnownFileType = sourcecode.c.objc; path = PKMultiLineCommentState.m; sourceTree = "<group>"; };
		6FD2694127EE1DA200C37B5D /* PKEmailState.h */ = {isa = PBXFileReference; lastKnownFileType = sourcecode.c.h; path = PKEmailState.h; sourceTree = "<group>"; };
		6FD2694227EE1DA200C37B5D /* PKEmailState.m */ = {isa = PBXFileReference; lastKnownFileType = sourcecode.c.objc; path = PKEmailState.m; sourceTree = "<group>"; };
		6FD2694527EE1DA900C37B5D /* PKURLState.h */ = {isa = PBXFileReference; lastKnownFileType = sourcecode.c.h; path = PKURLState.h; sourceTree = "<group>"; };
		6FD2694627EE1DA900C37B5D /* PKURLState.m */ = {isa = PBXFileReference; lastKnownFileType = sourcecode.c.objc; path = PKURLState.m; sourceTree = "<group>"; };
		6FD2694927EE1DB300C37B5D /* PKTwitterState.h */ = {isa = PBXFileReference; lastKnownFileType = sourcecode.c.h; path = PKTwitterState.h; sourceTree = "<group>"; };
		6FD2694A27EE1DB300C37B5D /* PKTwitterState.m */ = {isa = PBXFileReference; lastKnownFileType = sourcecode.c.objc; path = PKTwitterState.m; sourceTree = "<group>"; };
		6FD2694D27EE1DBC00C37B5D /* PKHashtagState.h */ = {isa = PBXFileReference; lastKnownFileType = sourcecode.c.h; path = PKHashtagState.h; sourceTree = "<group>"; };
		6FD2694E27EE1DBC00C37B5D /* PKHashtagState.m */ = {isa = PBXFileReference; lastKnownFileType = sourcecode.c.objc; path = PKHashtagState.m; sourceTree = "<group>"; };
		C6A390F2019F44A18CB49379 /* Pods-SKPegKitTests.debug.xcconfig */ = {isa = PBXFileReference; includeInIndex = 1; lastKnownFileType = text.xcconfig; name = "Pods-SKPegKitTests.debug.xcconfig"; path = "Target Support Files/Pods-SKPegKitTests/Pods-SKPegKitTests.debug.xcconfig"; sourceTree = "<group>"; };
/* End PBXFileReference section */

/* Begin PBXFrameworksBuildPhase section */
		6FD268A827ECBB4600C37B5D /* Frameworks */ = {
			isa = PBXFrameworksBuildPhase;
			buildActionMask = 2147483647;
			files = (
			);
			runOnlyForDeploymentPostprocessing = 0;
		};
		6FD268B227ECBB4600C37B5D /* Frameworks */ = {
			isa = PBXFrameworksBuildPhase;
			buildActionMask = 2147483647;
			files = (
				6FD268B627ECBB4600C37B5D /* SKPegKit.framework in Frameworks */,
				0873BF24748100E794AE8958 /* libPods-SKPegKitTests.a in Frameworks */,
			);
			runOnlyForDeploymentPostprocessing = 0;
		};
/* End PBXFrameworksBuildPhase section */

/* Begin PBXGroup section */
		3AD1E79F9A86482D465DF042 /* Pods */ = {
			isa = PBXGroup;
			children = (
				C6A390F2019F44A18CB49379 /* Pods-SKPegKitTests.debug.xcconfig */,
				095864D4B4828E0FD66070F6 /* Pods-SKPegKitTests.release.xcconfig */,
			);
			path = Pods;
			sourceTree = "<group>";
		};
		50BF852C3DA16363EF400D32 /* Frameworks */ = {
			isa = PBXGroup;
			children = (
				5CC20404B808DF1FE5233155 /* libPods-SKPegKitTests.a */,
			);
			name = Frameworks;
			sourceTree = "<group>";
		};
		6F84D57227EF5524005612A1 /* Tokenizer Tests */ = {
			isa = PBXGroup;
			children = (
				6FD2691927EE121400C37B5D /* PKReaderTests.m */,
				6FD2691B27EE199000C37B5D /* PKTokenizerTests.m */,
				6F84D57327EF5556005612A1 /* PKTokenizerStateTests.m */,
			);
			path = "Tokenizer Tests";
			sourceTree = "<group>";
		};
		6F84D57527EF5826005612A1 /* symbol */ = {
			isa = PBXGroup;
			children = (
				6F84D57627EF5845005612A1 /* PKSymbolNode.h */,
				6F84D57727EF5845005612A1 /* PKSymbolNode.m */,
				6F84D57A27EF5852005612A1 /* PKSymbolRootNode.h */,
				6F84D57B27EF5852005612A1 /* PKSymbolRootNode.m */,
			);
			path = symbol;
			sourceTree = "<group>";
		};
		6F84D57E27F2B325005612A1 /* Tokenizer State Tests */ = {
			isa = PBXGroup;
			children = (
				6F84D57F27F2B34F005612A1 /* PKWhitespaceStateTests.m */,
			);
			path = "Tokenizer State Tests";
			sourceTree = "<group>";
		};
		6FD268A127ECBB4600C37B5D = {
			isa = PBXGroup;
			children = (
				6FD268CD27ECC02600C37B5D /* README.md */,
				6FD268AE27ECBB4600C37B5D /* SKPegKit.h */,
				6FD268D727ED3FCD00C37B5D /* SKPegKit-Prefix.h */,
				6FD268AD27ECBB4600C37B5D /* PegKit */,
				6FD268C827ECBCF900C37B5D /* TDTemplateEngine */,
				6FD268B927ECBB4600C37B5D /* SKPegKitTests */,
				6FD268AC27ECBB4600C37B5D /* Products */,
				3AD1E79F9A86482D465DF042 /* Pods */,
				50BF852C3DA16363EF400D32 /* Frameworks */,
			);
			sourceTree = "<group>";
		};
		6FD268AC27ECBB4600C37B5D /* Products */ = {
			isa = PBXGroup;
			children = (
				6FD268AB27ECBB4600C37B5D /* SKPegKit.framework */,
				6FD268B527ECBB4600C37B5D /* SKPegKitTests.xctest */,
			);
			name = Products;
			sourceTree = "<group>";
		};
		6FD268AD27ECBB4600C37B5D /* PegKit */ = {
			isa = PBXGroup;
			children = (
				6FD268EC27ED4B7300C37B5D /* PKTypes.h */,
				6FD2690627ED76F300C37B5D /* PKParser.h */,
				6FD2690727ED76F300C37B5D /* PKParser.m */,
				6FD268F227ED52AB00C37B5D /* categories */,
				6FD268E827ED4B3000C37B5D /* tokenize */,
				6FD268E327ED48BE00C37B5D /* ast */,
			);
			path = PegKit;
			sourceTree = "<group>";
		};
		6FD268B927ECBB4600C37B5D /* SKPegKitTests */ = {
			isa = PBXGroup;
			children = (
				6FD268C527ECBB8B00C37B5D /* TDTestScaffold.h */,
				6FD2691227EE055900C37B5D /* TDTestScaffold.m */,
				6FD2691827EE11CC00C37B5D /* PEGKit Tests */,
				6FD268C627ECBBEC00C37B5D /* TDTemplateEngine Tests */,
			);
			path = SKPegKitTests;
			sourceTree = "<group>";
		};
		6FD268C627ECBBEC00C37B5D /* TDTemplateEngine Tests */ = {
			isa = PBXGroup;
			children = (
				6FD268C727ECBC1F00C37B5D /* Expression Tests */,
			);
			path = "TDTemplateEngine Tests";
			sourceTree = "<group>";
		};
		6FD268C727ECBC1F00C37B5D /* Expression Tests */ = {
			isa = PBXGroup;
			children = (
				6FD268F927ED5D4B00C37B5D /* XPBaseExpressionTests.h */,
				6FD268F727ED5CFC00C37B5D /* XPBaseExpressionTests.m */,
			);
			path = "Expression Tests";
			sourceTree = "<group>";
		};
		6FD268C827ECBCF900C37B5D /* TDTemplateEngine */ = {
			isa = PBXGroup;
			children = (
				6FD268C927ECBD2F00C37B5D /* TDTemplateEngine.h */,
				6FD268CA27ECBD2F00C37B5D /* TDTemplateEngine.m */,
				6FD268CE27ED2A4B00C37B5D /* TDTemplateContext.h */,
				6FD268CF27ED2A4B00C37B5D /* TDTemplateContext.m */,
				6FD268D227ED2B3F00C37B5D /* TDWriter.h */,
				6FD268D327ED2B3F00C37B5D /* TDWriter.m */,
				6FD2690027ED73C700C37B5D /* Parser */,
				6FD268DE27ED47FD00C37B5D /* Nodes */,
				6FD268D927ED47D000C37B5D /* Tags */,
				6FD268FA27ED5E4A00C37B5D /* Filter */,
				6FD268FB27ED5E4F00C37B5D /* Expression */,
			);
			path = TDTemplateEngine;
			sourceTree = "<group>";
		};
		6FD268D927ED47D000C37B5D /* Tags */ = {
			isa = PBXGroup;
			children = (
				6FD268DA27ED47F700C37B5D /* TDTag.h */,
				6FD268DB27ED47F700C37B5D /* TDTag.m */,
			);
			path = Tags;
			sourceTree = "<group>";
		};
		6FD268DE27ED47FD00C37B5D /* Nodes */ = {
			isa = PBXGroup;
			children = (
				6FD268DF27ED482700C37B5D /* TDNode.h */,
				6FD268E027ED482700C37B5D /* TDNode.m */,
			);
			path = Nodes;
			sourceTree = "<group>";
		};
		6FD268E327ED48BE00C37B5D /* ast */ = {
			isa = PBXGroup;
			children = (
				6FD268E427ED48CE00C37B5D /* PKAST.h */,
				6FD268E527ED48CE00C37B5D /* PKAST.m */,
			);
			path = ast;
			sourceTree = "<group>";
		};
		6FD268E827ED4B3000C37B5D /* tokenize */ = {
			isa = PBXGroup;
			children = (
				6FD268E927ED4B3700C37B5D /* io */,
				6FD268EA27ED4B3A00C37B5D /* tokenize */,
				6FD268EB27ED4B3F00C37B5D /* states */,
			);
			path = tokenize;
			sourceTree = "<group>";
		};
		6FD268E927ED4B3700C37B5D /* io */ = {
			isa = PBXGroup;
			children = (
				6FD2691427EE05E000C37B5D /* PKReader.h */,
				6FD2691527EE05E000C37B5D /* PKReader.m */,
			);
			path = io;
			sourceTree = "<group>";
		};
		6FD268EA27ED4B3A00C37B5D /* tokenize */ = {
			isa = PBXGroup;
			children = (
				6FD268EE27ED4BB300C37B5D /* PKToken.h */,
				6FD268EF27ED4BB300C37B5D /* PKToken.m */,
				6FD2690A27ED77ED00C37B5D /* PKTokenizer.h */,
				6FD2690B27ED77ED00C37B5D /* PKTokenizer.m */,
				6FD2690E27ED78F800C37B5D /* PKTokenizerState.h */,
				6FD2690F27ED78F800C37B5D /* PKTokenizerState.m */,
			);
			path = tokenize;
			sourceTree = "<group>";
		};
		6FD268EB27ED4B3F00C37B5D /* states */ = {
			isa = PBXGroup;
			children = (
				6F84D57527EF5826005612A1 /* symbol */,
				6FD2691D27EE1C5B00C37B5D /* PKNumberState.h */,
				6FD2691E27EE1C5B00C37B5D /* PKNumberState.m */,
				6FD2692127EE1D4200C37B5D /* PKQuoteState.h */,
				6FD2692227EE1D4200C37B5D /* PKQuoteState.m */,
				6FD2692527EE1D4B00C37B5D /* PKSymbolState.h */,
				6FD2692627EE1D4B00C37B5D /* PKSymbolState.m */,
				6FD2692927EE1D5200C37B5D /* PKWordState.h */,
				6FD2692A27EE1D5200C37B5D /* PKWordState.m */,
				6FD2692D27EE1D5A00C37B5D /* PKWhitespaceState.h */,
				6FD2692E27EE1D5A00C37B5D /* PKWhitespaceState.m */,
				6FD2693127EE1D6200C37B5D /* PKDelimitState.h */,
				6FD2693227EE1D6200C37B5D /* PKDelimitState.m */,
				6FD2693527EE1D7900C37B5D /* PKCommentState.h */,
				6FD2693627EE1D7900C37B5D /* PKCommentState.m */,
				6FD2693927EE1D8800C37B5D /* PKSingleLineCommentState.h */,
				6FD2693A27EE1D8800C37B5D /* PKSingleLineCommentState.m */,
				6FD2693D27EE1D9700C37B5D /* PKMultiLineCommentState.h */,
				6FD2693E27EE1D9700C37B5D /* PKMultiLineCommentState.m */,
				6FD2694127EE1DA200C37B5D /* PKEmailState.h */,
				6FD2694227EE1DA200C37B5D /* PKEmailState.m */,
				6FD2694527EE1DA900C37B5D /* PKURLState.h */,
				6FD2694627EE1DA900C37B5D /* PKURLState.m */,
				6FD2694927EE1DB300C37B5D /* PKTwitterState.h */,
				6FD2694A27EE1DB300C37B5D /* PKTwitterState.m */,
				6FD2694D27EE1DBC00C37B5D /* PKHashtagState.h */,
				6FD2694E27EE1DBC00C37B5D /* PKHashtagState.m */,
			);
			path = states;
			sourceTree = "<group>";
		};
		6FD268F227ED52AB00C37B5D /* categories */ = {
			isa = PBXGroup;
			children = (
				6FD268F327ED52C500C37B5D /* NSString+PEGKitAdditions.h */,
				6FD268F427ED52C500C37B5D /* NSString+PEGKitAdditions.m */,
			);
			path = categories;
			sourceTree = "<group>";
		};
		6FD268FA27ED5E4A00C37B5D /* Filter */ = {
			isa = PBXGroup;
			children = (
			);
			path = Filter;
			sourceTree = "<group>";
		};
		6FD268FB27ED5E4F00C37B5D /* Expression */ = {
			isa = PBXGroup;
			children = (
				6FD2690127ED762600C37B5D /* Parser */,
				6FD268FC27ED5F6100C37B5D /* XPExpression.h */,
				6FD268FD27ED5F6100C37B5D /* XPExpression.m */,
			);
			path = Expression;
			sourceTree = "<group>";
		};
		6FD2690027ED73C700C37B5D /* Parser */ = {
			isa = PBXGroup;
			children = (
			);
			path = Parser;
			sourceTree = "<group>";
		};
		6FD2690127ED762600C37B5D /* Parser */ = {
			isa = PBXGroup;
			children = (
				6FD2690227ED764100C37B5D /* XPParser.h */,
				6FD2690327ED764100C37B5D /* XPParser.m */,
			);
			path = Parser;
			sourceTree = "<group>";
		};
		6FD2691827EE11CC00C37B5D /* PEGKit Tests */ = {
			isa = PBXGroup;
			children = (
				6F84D57227EF5524005612A1 /* Tokenizer Tests */,
				6F84D57E27F2B325005612A1 /* Tokenizer State Tests */,
			);
			path = "PEGKit Tests";
			sourceTree = "<group>";
		};
/* End PBXGroup section */

/* Begin PBXHeadersBuildPhase section */
		6FD268A627ECBB4600C37B5D /* Headers */ = {
			isa = PBXHeadersBuildPhase;
			buildActionMask = 2147483647;
			files = (
				6FD268FE27ED5F6100C37B5D /* XPExpression.h in Headers */,
				6FD268E627ED48CE00C37B5D /* PKAST.h in Headers */,
				6FD268ED27ED4B7300C37B5D /* PKTypes.h in Headers */,
				6F84D57C27EF5852005612A1 /* PKSymbolRootNode.h in Headers */,
				6FD2694B27EE1DB300C37B5D /* PKTwitterState.h in Headers */,
				6FD268E127ED482700C37B5D /* TDNode.h in Headers */,
				6FD2690427ED764100C37B5D /* XPParser.h in Headers */,
				6FD2693727EE1D7900C37B5D /* PKCommentState.h in Headers */,
				6FD268F027ED4BB300C37B5D /* PKToken.h in Headers */,
				6FD2690827ED76F300C37B5D /* PKParser.h in Headers */,
				6FD2692327EE1D4200C37B5D /* PKQuoteState.h in Headers */,
				6FD268CB27ECBD2F00C37B5D /* TDTemplateEngine.h in Headers */,
				6F84D57827EF5845005612A1 /* PKSymbolNode.h in Headers */,
				6FD2694327EE1DA200C37B5D /* PKEmailState.h in Headers */,
				6FD268D427ED2B3F00C37B5D /* TDWriter.h in Headers */,
				6FD268D827ED420400C37B5D /* SKPegKit-Prefix.h in Headers */,
				6FD2694727EE1DA900C37B5D /* PKURLState.h in Headers */,
				6FD2693B27EE1D8800C37B5D /* PKSingleLineCommentState.h in Headers */,
				6FD2694F27EE1DBC00C37B5D /* PKHashtagState.h in Headers */,
				6FD2691627EE05E000C37B5D /* PKReader.h in Headers */,
				6FD268DC27ED47F700C37B5D /* TDTag.h in Headers */,
				6FD2693F27EE1D9700C37B5D /* PKMultiLineCommentState.h in Headers */,
				6FD2693327EE1D6200C37B5D /* PKDelimitState.h in Headers */,
				6FD2691F27EE1C5B00C37B5D /* PKNumberState.h in Headers */,
				6FD268BC27ECBB4600C37B5D /* SKPegKit.h in Headers */,
				6FD2692B27EE1D5200C37B5D /* PKWordState.h in Headers */,
				6FD2692727EE1D4B00C37B5D /* PKSymbolState.h in Headers */,
				6FD2690C27ED77ED00C37B5D /* PKTokenizer.h in Headers */,
				6FD2692F27EE1D5A00C37B5D /* PKWhitespaceState.h in Headers */,
				6FD268F527ED52C500C37B5D /* NSString+PEGKitAdditions.h in Headers */,
				6FD268D027ED2A4B00C37B5D /* TDTemplateContext.h in Headers */,
				6FD2691027ED78F800C37B5D /* PKTokenizerState.h in Headers */,
			);
			runOnlyForDeploymentPostprocessing = 0;
		};
/* End PBXHeadersBuildPhase section */

/* Begin PBXNativeTarget section */
		6FD268AA27ECBB4600C37B5D /* SKPegKit */ = {
			isa = PBXNativeTarget;
			buildConfigurationList = 6FD268BF27ECBB4600C37B5D /* Build configuration list for PBXNativeTarget "SKPegKit" */;
			buildPhases = (
				6FD268A627ECBB4600C37B5D /* Headers */,
				6FD268A727ECBB4600C37B5D /* Sources */,
				6FD268A827ECBB4600C37B5D /* Frameworks */,
				6FD268A927ECBB4600C37B5D /* Resources */,
			);
			buildRules = (
			);
			dependencies = (
			);
			name = SKPegKit;
			productName = SKPegKit;
			productReference = 6FD268AB27ECBB4600C37B5D /* SKPegKit.framework */;
			productType = "com.apple.product-type.framework";
		};
		6FD268B427ECBB4600C37B5D /* SKPegKitTests */ = {
			isa = PBXNativeTarget;
			buildConfigurationList = 6FD268C227ECBB4600C37B5D /* Build configuration list for PBXNativeTarget "SKPegKitTests" */;
			buildPhases = (
				37292FF4C9903C74DBBE6D9A /* [CP] Check Pods Manifest.lock */,
				6FD268B127ECBB4600C37B5D /* Sources */,
				6FD268B227ECBB4600C37B5D /* Frameworks */,
				6FD268B327ECBB4600C37B5D /* Resources */,
			);
			buildRules = (
			);
			dependencies = (
				6FD268B827ECBB4600C37B5D /* PBXTargetDependency */,
			);
			name = SKPegKitTests;
			productName = SKPegKitTests;
			productReference = 6FD268B527ECBB4600C37B5D /* SKPegKitTests.xctest */;
			productType = "com.apple.product-type.bundle.unit-test";
		};
/* End PBXNativeTarget section */

/* Begin PBXProject section */
		6FD268A227ECBB4600C37B5D /* Project object */ = {
			isa = PBXProject;
			attributes = {
				BuildIndependentTargetsInParallel = 1;
				LastUpgradeCheck = 1320;
				TargetAttributes = {
					6FD268AA27ECBB4600C37B5D = {
						CreatedOnToolsVersion = 13.2.1;
					};
					6FD268B427ECBB4600C37B5D = {
						CreatedOnToolsVersion = 13.2.1;
					};
				};
			};
			buildConfigurationList = 6FD268A527ECBB4600C37B5D /* Build configuration list for PBXProject "SKPegKit" */;
			compatibilityVersion = "Xcode 13.0";
			developmentRegion = en;
			hasScannedForEncodings = 0;
			knownRegions = (
				en,
				Base,
			);
			mainGroup = 6FD268A127ECBB4600C37B5D;
			productRefGroup = 6FD268AC27ECBB4600C37B5D /* Products */;
			projectDirPath = "";
			projectRoot = "";
			targets = (
				6FD268AA27ECBB4600C37B5D /* SKPegKit */,
				6FD268B427ECBB4600C37B5D /* SKPegKitTests */,
			);
		};
/* End PBXProject section */

/* Begin PBXResourcesBuildPhase section */
		6FD268A927ECBB4600C37B5D /* Resources */ = {
			isa = PBXResourcesBuildPhase;
			buildActionMask = 2147483647;
			files = (
			);
			runOnlyForDeploymentPostprocessing = 0;
		};
		6FD268B327ECBB4600C37B5D /* Resources */ = {
			isa = PBXResourcesBuildPhase;
			buildActionMask = 2147483647;
			files = (
			);
			runOnlyForDeploymentPostprocessing = 0;
		};
/* End PBXResourcesBuildPhase section */

/* Begin PBXShellScriptBuildPhase section */
		37292FF4C9903C74DBBE6D9A /* [CP] Check Pods Manifest.lock */ = {
			isa = PBXShellScriptBuildPhase;
			buildActionMask = 2147483647;
			files = (
			);
			inputFileListPaths = (
			);
			inputPaths = (
				"${PODS_PODFILE_DIR_PATH}/Podfile.lock",
				"${PODS_ROOT}/Manifest.lock",
			);
			name = "[CP] Check Pods Manifest.lock";
			outputFileListPaths = (
			);
			outputPaths = (
				"$(DERIVED_FILE_DIR)/Pods-SKPegKitTests-checkManifestLockResult.txt",
			);
			runOnlyForDeploymentPostprocessing = 0;
			shellPath = /bin/sh;
			shellScript = "diff \"${PODS_PODFILE_DIR_PATH}/Podfile.lock\" \"${PODS_ROOT}/Manifest.lock\" > /dev/null\nif [ $? != 0 ] ; then\n    # print error to STDERR\n    echo \"error: The sandbox is not in sync with the Podfile.lock. Run 'pod install' or update your CocoaPods installation.\" >&2\n    exit 1\nfi\n# This output is used by Xcode 'outputs' to avoid re-running this script phase.\necho \"SUCCESS\" > \"${SCRIPT_OUTPUT_FILE_0}\"\n";
			showEnvVarsInLog = 0;
		};
/* End PBXShellScriptBuildPhase section */

/* Begin PBXSourcesBuildPhase section */
		6FD268A727ECBB4600C37B5D /* Sources */ = {
			isa = PBXSourcesBuildPhase;
			buildActionMask = 2147483647;
			files = (
				6FD2692827EE1D4B00C37B5D /* PKSymbolState.m in Sources */,
				6FD2690927ED76F300C37B5D /* PKParser.m in Sources */,
				6FD268CC27ECBD2F00C37B5D /* TDTemplateEngine.m in Sources */,
				6FD268F127ED4BB300C37B5D /* PKToken.m in Sources */,
				6FD2692427EE1D4200C37B5D /* PKQuoteState.m in Sources */,
				6FD2695027EE1DBC00C37B5D /* PKHashtagState.m in Sources */,
				6FD2694427EE1DA200C37B5D /* PKEmailState.m in Sources */,
				6FD2693027EE1D5A00C37B5D /* PKWhitespaceState.m in Sources */,
				6FD2693C27EE1D8800C37B5D /* PKSingleLineCommentState.m in Sources */,
				6FD2693827EE1D7900C37B5D /* PKCommentState.m in Sources */,
				6FD268D527ED2B3F00C37B5D /* TDWriter.m in Sources */,
				6FD2693427EE1D6200C37B5D /* PKDelimitState.m in Sources */,
				6FD2692C27EE1D5200C37B5D /* PKWordState.m in Sources */,
				6FD268F627ED52C500C37B5D /* NSString+PEGKitAdditions.m in Sources */,
				6F84D57D27EF5852005612A1 /* PKSymbolRootNode.m in Sources */,
				6FD2694027EE1D9700C37B5D /* PKMultiLineCommentState.m in Sources */,
				6FD268DD27ED47F700C37B5D /* TDTag.m in Sources */,
				6FD2691127ED78F800C37B5D /* PKTokenizerState.m in Sources */,
				6FD2694827EE1DA900C37B5D /* PKURLState.m in Sources */,
				6FD2690D27ED77ED00C37B5D /* PKTokenizer.m in Sources */,
				6FD268E727ED48CE00C37B5D /* PKAST.m in Sources */,
				6FD2692027EE1C5B00C37B5D /* PKNumberState.m in Sources */,
				6FD2691727EE05E000C37B5D /* PKReader.m in Sources */,
				6FD2690527ED764100C37B5D /* XPParser.m in Sources */,
				6FD2694C27EE1DB300C37B5D /* PKTwitterState.m in Sources */,
				6F84D57927EF5845005612A1 /* PKSymbolNode.m in Sources */,
				6FD268D127ED2A4B00C37B5D /* TDTemplateContext.m in Sources */,
				6FD268FF27ED5F6100C37B5D /* XPExpression.m in Sources */,
				6FD268E227ED482700C37B5D /* TDNode.m in Sources */,
			);
			runOnlyForDeploymentPostprocessing = 0;
		};
		6FD268B127ECBB4600C37B5D /* Sources */ = {
			isa = PBXSourcesBuildPhase;
			buildActionMask = 2147483647;
			files = (
				6FD2691327EE055900C37B5D /* TDTestScaffold.m in Sources */,
				6FD268F827ED5CFC00C37B5D /* XPBaseExpressionTests.m in Sources */,
				6FD2691C27EE199000C37B5D /* PKTokenizerTests.m in Sources */,
				6F84D58027F2B34F005612A1 /* PKWhitespaceStateTests.m in Sources */,
				6F84D57427EF5556005612A1 /* PKTokenizerStateTests.m in Sources */,
				6FD2691A27EE121400C37B5D /* PKReaderTests.m in Sources */,
			);
			runOnlyForDeploymentPostprocessing = 0;
		};
/* End PBXSourcesBuildPhase section */

/* Begin PBXTargetDependency section */
		6FD268B827ECBB4600C37B5D /* PBXTargetDependency */ = {
			isa = PBXTargetDependency;
			target = 6FD268AA27ECBB4600C37B5D /* SKPegKit */;
			targetProxy = 6FD268B727ECBB4600C37B5D /* PBXContainerItemProxy */;
		};
/* End PBXTargetDependency section */

/* Begin XCBuildConfiguration section */
		6FD268BD27ECBB4600C37B5D /* Debug */ = {
			isa = XCBuildConfiguration;
			buildSettings = {
				ALWAYS_SEARCH_USER_PATHS = NO;
				CLANG_ANALYZER_NONNULL = YES;
				CLANG_ANALYZER_NUMBER_OBJECT_CONVERSION = YES_AGGRESSIVE;
				CLANG_CXX_LANGUAGE_STANDARD = "gnu++17";
				CLANG_CXX_LIBRARY = "libc++";
				CLANG_ENABLE_MODULES = YES;
				CLANG_ENABLE_OBJC_ARC = YES;
				CLANG_ENABLE_OBJC_WEAK = YES;
				CLANG_WARN_BLOCK_CAPTURE_AUTORELEASING = YES;
				CLANG_WARN_BOOL_CONVERSION = YES;
				CLANG_WARN_COMMA = YES;
				CLANG_WARN_CONSTANT_CONVERSION = YES;
				CLANG_WARN_DEPRECATED_OBJC_IMPLEMENTATIONS = YES;
				CLANG_WARN_DIRECT_OBJC_ISA_USAGE = YES_ERROR;
				CLANG_WARN_DOCUMENTATION_COMMENTS = YES;
				CLANG_WARN_EMPTY_BODY = YES;
				CLANG_WARN_ENUM_CONVERSION = YES;
				CLANG_WARN_INFINITE_RECURSION = YES;
				CLANG_WARN_INT_CONVERSION = YES;
				CLANG_WARN_NON_LITERAL_NULL_CONVERSION = YES;
				CLANG_WARN_OBJC_IMPLICIT_RETAIN_SELF = YES;
				CLANG_WARN_OBJC_LITERAL_CONVERSION = YES;
				CLANG_WARN_OBJC_ROOT_CLASS = YES_ERROR;
				CLANG_WARN_QUOTED_INCLUDE_IN_FRAMEWORK_HEADER = YES;
				CLANG_WARN_RANGE_LOOP_ANALYSIS = YES;
				CLANG_WARN_STRICT_PROTOTYPES = YES;
				CLANG_WARN_SUSPICIOUS_MOVE = YES;
				CLANG_WARN_UNGUARDED_AVAILABILITY = YES_AGGRESSIVE;
				CLANG_WARN_UNREACHABLE_CODE = YES;
				CLANG_WARN__DUPLICATE_METHOD_MATCH = YES;
				COPY_PHASE_STRIP = NO;
				CURRENT_PROJECT_VERSION = 1;
				DEBUG_INFORMATION_FORMAT = dwarf;
				ENABLE_STRICT_OBJC_MSGSEND = YES;
				ENABLE_TESTABILITY = YES;
				GCC_C_LANGUAGE_STANDARD = gnu11;
				GCC_DYNAMIC_NO_PIC = NO;
				GCC_INCREASE_PRECOMPILED_HEADER_SHARING = YES;
				GCC_NO_COMMON_BLOCKS = YES;
				GCC_OPTIMIZATION_LEVEL = 0;
				GCC_PRECOMPILE_PREFIX_HEADER = YES;
				GCC_PREFIX_HEADER = "SKPegKit-Prefix.h";
				GCC_PREPROCESSOR_DEFINITIONS = (
					"DEBUG=1",
					"$(inherited)",
				);
				GCC_WARN_64_TO_32_BIT_CONVERSION = YES;
				GCC_WARN_ABOUT_RETURN_TYPE = YES_ERROR;
				GCC_WARN_UNDECLARED_SELECTOR = YES;
				GCC_WARN_UNINITIALIZED_AUTOS = YES_AGGRESSIVE;
				GCC_WARN_UNUSED_FUNCTION = YES;
				GCC_WARN_UNUSED_VARIABLE = YES;
				MACOSX_DEPLOYMENT_TARGET = 11.6;
				MTL_ENABLE_DEBUG_INFO = INCLUDE_SOURCE;
				MTL_FAST_MATH = YES;
				ONLY_ACTIVE_ARCH = YES;
				SDKROOT = macosx;
				VERSIONING_SYSTEM = "apple-generic";
				VERSION_INFO_PREFIX = "";
			};
			name = Debug;
		};
		6FD268BE27ECBB4600C37B5D /* Release */ = {
			isa = XCBuildConfiguration;
			buildSettings = {
				ALWAYS_SEARCH_USER_PATHS = NO;
				CLANG_ANALYZER_NONNULL = YES;
				CLANG_ANALYZER_NUMBER_OBJECT_CONVERSION = YES_AGGRESSIVE;
				CLANG_CXX_LANGUAGE_STANDARD = "gnu++17";
				CLANG_CXX_LIBRARY = "libc++";
				CLANG_ENABLE_MODULES = YES;
				CLANG_ENABLE_OBJC_ARC = YES;
				CLANG_ENABLE_OBJC_WEAK = YES;
				CLANG_WARN_BLOCK_CAPTURE_AUTORELEASING = YES;
				CLANG_WARN_BOOL_CONVERSION = YES;
				CLANG_WARN_COMMA = YES;
				CLANG_WARN_CONSTANT_CONVERSION = YES;
				CLANG_WARN_DEPRECATED_OBJC_IMPLEMENTATIONS = YES;
				CLANG_WARN_DIRECT_OBJC_ISA_USAGE = YES_ERROR;
				CLANG_WARN_DOCUMENTATION_COMMENTS = YES;
				CLANG_WARN_EMPTY_BODY = YES;
				CLANG_WARN_ENUM_CONVERSION = YES;
				CLANG_WARN_INFINITE_RECURSION = YES;
				CLANG_WARN_INT_CONVERSION = YES;
				CLANG_WARN_NON_LITERAL_NULL_CONVERSION = YES;
				CLANG_WARN_OBJC_IMPLICIT_RETAIN_SELF = YES;
				CLANG_WARN_OBJC_LITERAL_CONVERSION = YES;
				CLANG_WARN_OBJC_ROOT_CLASS = YES_ERROR;
				CLANG_WARN_QUOTED_INCLUDE_IN_FRAMEWORK_HEADER = YES;
				CLANG_WARN_RANGE_LOOP_ANALYSIS = YES;
				CLANG_WARN_STRICT_PROTOTYPES = YES;
				CLANG_WARN_SUSPICIOUS_MOVE = YES;
				CLANG_WARN_UNGUARDED_AVAILABILITY = YES_AGGRESSIVE;
				CLANG_WARN_UNREACHABLE_CODE = YES;
				CLANG_WARN__DUPLICATE_METHOD_MATCH = YES;
				COPY_PHASE_STRIP = NO;
				CURRENT_PROJECT_VERSION = 1;
				DEBUG_INFORMATION_FORMAT = "dwarf-with-dsym";
				ENABLE_NS_ASSERTIONS = NO;
				ENABLE_STRICT_OBJC_MSGSEND = YES;
				GCC_C_LANGUAGE_STANDARD = gnu11;
				GCC_INCREASE_PRECOMPILED_HEADER_SHARING = YES;
				GCC_NO_COMMON_BLOCKS = YES;
				GCC_PRECOMPILE_PREFIX_HEADER = YES;
				GCC_PREFIX_HEADER = "SKPegKit-Prefix.h";
				GCC_WARN_64_TO_32_BIT_CONVERSION = YES;
				GCC_WARN_ABOUT_RETURN_TYPE = YES_ERROR;
				GCC_WARN_UNDECLARED_SELECTOR = YES;
				GCC_WARN_UNINITIALIZED_AUTOS = YES_AGGRESSIVE;
				GCC_WARN_UNUSED_FUNCTION = YES;
				GCC_WARN_UNUSED_VARIABLE = YES;
				MACOSX_DEPLOYMENT_TARGET = 11.6;
				MTL_ENABLE_DEBUG_INFO = NO;
				MTL_FAST_MATH = YES;
				SDKROOT = macosx;
				VERSIONING_SYSTEM = "apple-generic";
				VERSION_INFO_PREFIX = "";
			};
			name = Release;
		};
		6FD268C027ECBB4600C37B5D /* Debug */ = {
			isa = XCBuildConfiguration;
			buildSettings = {
				CODE_SIGN_STYLE = Automatic;
				COMBINE_HIDPI_IMAGES = YES;
				CURRENT_PROJECT_VERSION = 1;
				DEFINES_MODULE = YES;
				DEVELOPMENT_TEAM = LJWQXKAD69;
				DYLIB_COMPATIBILITY_VERSION = 1;
				DYLIB_CURRENT_VERSION = 1;
				DYLIB_INSTALL_NAME_BASE = "@rpath";
				GCC_INCREASE_PRECOMPILED_HEADER_SHARING = YES;
				GCC_PRECOMPILE_PREFIX_HEADER = YES;
				GCC_PREFIX_HEADER = "SKPegKit-Prefix.h";
				GENERATE_INFOPLIST_FILE = YES;
				INFOPLIST_KEY_NSHumanReadableCopyright = "";
				INSTALL_PATH = "$(LOCAL_LIBRARY_DIR)/Frameworks";
				LD_RUNPATH_SEARCH_PATHS = (
					"$(inherited)",
					"@executable_path/../Frameworks",
					"@loader_path/Frameworks",
				);
				MARKETING_VERSION = 1.0;
				PRODUCT_BUNDLE_IDENTIFIER = com.sectormobile.SKPegKit;
				PRODUCT_NAME = "$(TARGET_NAME:c99extidentifier)";
				SKIP_INSTALL = YES;
				SWIFT_EMIT_LOC_STRINGS = YES;
			};
			name = Debug;
		};
		6FD268C127ECBB4600C37B5D /* Release */ = {
			isa = XCBuildConfiguration;
			buildSettings = {
				CODE_SIGN_STYLE = Automatic;
				COMBINE_HIDPI_IMAGES = YES;
				CURRENT_PROJECT_VERSION = 1;
				DEFINES_MODULE = YES;
				DEVELOPMENT_TEAM = LJWQXKAD69;
				DYLIB_COMPATIBILITY_VERSION = 1;
				DYLIB_CURRENT_VERSION = 1;
				DYLIB_INSTALL_NAME_BASE = "@rpath";
				GCC_INCREASE_PRECOMPILED_HEADER_SHARING = YES;
				GCC_PRECOMPILE_PREFIX_HEADER = YES;
				GCC_PREFIX_HEADER = "SKPegKit-Prefix.h";
				GENERATE_INFOPLIST_FILE = YES;
				INFOPLIST_KEY_NSHumanReadableCopyright = "";
				INSTALL_PATH = "$(LOCAL_LIBRARY_DIR)/Frameworks";
				LD_RUNPATH_SEARCH_PATHS = (
					"$(inherited)",
					"@executable_path/../Frameworks",
					"@loader_path/Frameworks",
				);
				MARKETING_VERSION = 1.0;
				PRODUCT_BUNDLE_IDENTIFIER = com.sectormobile.SKPegKit;
				PRODUCT_NAME = "$(TARGET_NAME:c99extidentifier)";
				SKIP_INSTALL = YES;
				SWIFT_EMIT_LOC_STRINGS = YES;
			};
			name = Release;
		};
		6FD268C327ECBB4600C37B5D /* Debug */ = {
			isa = XCBuildConfiguration;
			baseConfigurationReference = C6A390F2019F44A18CB49379 /* Pods-SKPegKitTests.debug.xcconfig */;
			buildSettings = {
				CODE_SIGN_STYLE = Automatic;
				CURRENT_PROJECT_VERSION = 1;
				DEVELOPMENT_TEAM = LJWQXKAD69;
				GENERATE_INFOPLIST_FILE = YES;
				MARKETING_VERSION = 1.0;
				PRODUCT_BUNDLE_IDENTIFIER = com.sectormobile.SKPegKitTests;
				PRODUCT_NAME = "$(TARGET_NAME)";
				SWIFT_EMIT_LOC_STRINGS = NO;
			};
			name = Debug;
		};
		6FD268C427ECBB4600C37B5D /* Release */ = {
			isa = XCBuildConfiguration;
			baseConfigurationReference = 095864D4B4828E0FD66070F6 /* Pods-SKPegKitTests.release.xcconfig */;
			buildSettings = {
				CODE_SIGN_STYLE = Automatic;
				CURRENT_PROJECT_VERSION = 1;
				DEVELOPMENT_TEAM = LJWQXKAD69;
				GENERATE_INFOPLIST_FILE = YES;
				MARKETING_VERSION = 1.0;
				PRODUCT_BUNDLE_IDENTIFIER = com.sectormobile.SKPegKitTests;
				PRODUCT_NAME = "$(TARGET_NAME)";
				SWIFT_EMIT_LOC_STRINGS = NO;
			};
			name = Release;
		};
/* End XCBuildConfiguration section */

/* Begin XCConfigurationList section */
		6FD268A527ECBB4600C37B5D /* Build configuration list for PBXProject "SKPegKit" */ = {
			isa = XCConfigurationList;
			buildConfigurations = (
				6FD268BD27ECBB4600C37B5D /* Debug */,
				6FD268BE27ECBB4600C37B5D /* Release */,
			);
			defaultConfigurationIsVisible = 0;
			defaultConfigurationName = Release;
		};
		6FD268BF27ECBB4600C37B5D /* Build configuration list for PBXNativeTarget "SKPegKit" */ = {
			isa = XCConfigurationList;
			buildConfigurations = (
				6FD268C027ECBB4600C37B5D /* Debug */,
				6FD268C127ECBB4600C37B5D /* Release */,
			);
			defaultConfigurationIsVisible = 0;
			defaultConfigurationName = Release;
		};
		6FD268C227ECBB4600C37B5D /* Build configuration list for PBXNativeTarget "SKPegKitTests" */ = {
			isa = XCConfigurationList;
			buildConfigurations = (
				6FD268C327ECBB4600C37B5D /* Debug */,
				6FD268C427ECBB4600C37B5D /* Release */,
			);
			defaultConfigurationIsVisible = 0;
			defaultConfigurationName = Release;
		};
/* End XCConfigurationList section */
	};
	rootObject = 6FD268A227ECBB4600C37B5D /* Project object */;
}
