// !$*UTF8*$!
{
	archiveVersion = 1;
	classes = {
	};
	objectVersion = 55;
	objects = {

/* Begin PBXBuildFile section */
		6F722CD02752A0D0007810F1 /* SKPegKit.docc in Sources */ = {isa = PBXBuildFile; fileRef = 6F722CCF2752A0D0007810F1 /* SKPegKit.docc */; };
		6F722CD62752A0D1007810F1 /* SKPegKit.framework in Frameworks */ = {isa = PBXBuildFile; fileRef = 6F722CCB2752A0D0007810F1 /* SKPegKit.framework */; };
		6F722CDC2752A0D1007810F1 /* SKPegKit.h in Headers */ = {isa = PBXBuildFile; fileRef = 6F722CCE2752A0D0007810F1 /* SKPegKit.h */; settings = {ATTRIBUTES = (Public, ); }; };
		6F722CE72752A129007810F1 /* TDTestScaffold.m in Sources */ = {isa = PBXBuildFile; fileRef = 6F722CE62752A129007810F1 /* TDTestScaffold.m */; };
		6F722CF52752A69D007810F1 /* PKReader.h in Headers */ = {isa = PBXBuildFile; fileRef = 6F722CF32752A69D007810F1 /* PKReader.h */; settings = {ATTRIBUTES = (Public, ); }; };
		6F722CF62752A69D007810F1 /* PKReader.m in Sources */ = {isa = PBXBuildFile; fileRef = 6F722CF42752A69D007810F1 /* PKReader.m */; };
		6F722CF72752A6E4007810F1 /* PKTypes.h in Headers */ = {isa = PBXBuildFile; fileRef = 6F722CF22752A641007810F1 /* PKTypes.h */; settings = {ATTRIBUTES = (Public, ); }; };
		6FA9BC91B78EF0E3C5B40426 /* libPods-SKPegKitTests.a in Frameworks */ = {isa = PBXBuildFile; fileRef = E07BBB602D531E062A8AB712 /* libPods-SKPegKitTests.a */; };
		6FD232EF2752A9100023FEAC /* TDReaderTest.m in Sources */ = {isa = PBXBuildFile; fileRef = 6FD232EE2752A9100023FEAC /* TDReaderTest.m */; };
		6FD232F22752ACB60023FEAC /* Cocoa.framework in Frameworks */ = {isa = PBXBuildFile; fileRef = 6FD232F12752ACB60023FEAC /* Cocoa.framework */; };
/* End PBXBuildFile section */

/* Begin PBXContainerItemProxy section */
		6F722CD72752A0D1007810F1 /* PBXContainerItemProxy */ = {
			isa = PBXContainerItemProxy;
			containerPortal = 6F722CC22752A0D0007810F1 /* Project object */;
			proxyType = 1;
			remoteGlobalIDString = 6F722CCA2752A0D0007810F1;
			remoteInfo = SKPegKit;
		};
/* End PBXContainerItemProxy section */

/* Begin PBXFileReference section */
		6E574D82F37D7C3286A16A94 /* Pods-SKPegKitTests.release.xcconfig */ = {isa = PBXFileReference; includeInIndex = 1; lastKnownFileType = text.xcconfig; name = "Pods-SKPegKitTests.release.xcconfig"; path = "Target Support Files/Pods-SKPegKitTests/Pods-SKPegKitTests.release.xcconfig"; sourceTree = "<group>"; };
		6F3D75082752B0770003CEE4 /* Podfile */ = {isa = PBXFileReference; lastKnownFileType = text; path = Podfile; sourceTree = "<group>"; };
		6F722CCB2752A0D0007810F1 /* SKPegKit.framework */ = {isa = PBXFileReference; explicitFileType = wrapper.framework; includeInIndex = 0; path = SKPegKit.framework; sourceTree = BUILT_PRODUCTS_DIR; };
		6F722CCE2752A0D0007810F1 /* SKPegKit.h */ = {isa = PBXFileReference; lastKnownFileType = sourcecode.c.h; path = SKPegKit.h; sourceTree = "<group>"; };
		6F722CCF2752A0D0007810F1 /* SKPegKit.docc */ = {isa = PBXFileReference; lastKnownFileType = folder.documentationcatalog; path = SKPegKit.docc; sourceTree = "<group>"; };
		6F722CD52752A0D1007810F1 /* SKPegKitTests.xctest */ = {isa = PBXFileReference; explicitFileType = wrapper.cfbundle; includeInIndex = 0; path = SKPegKitTests.xctest; sourceTree = BUILT_PRODUCTS_DIR; };
		6F722CE52752A129007810F1 /* TDTestScaffold.h */ = {isa = PBXFileReference; lastKnownFileType = sourcecode.c.h; path = TDTestScaffold.h; sourceTree = "<group>"; };
		6F722CE62752A129007810F1 /* TDTestScaffold.m */ = {isa = PBXFileReference; lastKnownFileType = sourcecode.c.objc; path = TDTestScaffold.m; sourceTree = "<group>"; };
		6F722CF22752A641007810F1 /* PKTypes.h */ = {isa = PBXFileReference; lastKnownFileType = sourcecode.c.h; path = PKTypes.h; sourceTree = "<group>"; };
		6F722CF32752A69D007810F1 /* PKReader.h */ = {isa = PBXFileReference; lastKnownFileType = sourcecode.c.h; path = PKReader.h; sourceTree = "<group>"; };
		6F722CF42752A69D007810F1 /* PKReader.m */ = {isa = PBXFileReference; lastKnownFileType = sourcecode.c.objc; path = PKReader.m; sourceTree = "<group>"; };
		6FD232EE2752A9100023FEAC /* TDReaderTest.m */ = {isa = PBXFileReference; lastKnownFileType = sourcecode.c.objc; path = TDReaderTest.m; sourceTree = "<group>"; };
		6FD232F12752ACB60023FEAC /* Cocoa.framework */ = {isa = PBXFileReference; lastKnownFileType = wrapper.framework; name = Cocoa.framework; path = System/Library/Frameworks/Cocoa.framework; sourceTree = SDKROOT; };
		A0CEC1D38566913923D13E03 /* Pods-SKPegKitTests.debug.xcconfig */ = {isa = PBXFileReference; includeInIndex = 1; lastKnownFileType = text.xcconfig; name = "Pods-SKPegKitTests.debug.xcconfig"; path = "Target Support Files/Pods-SKPegKitTests/Pods-SKPegKitTests.debug.xcconfig"; sourceTree = "<group>"; };
		E07BBB602D531E062A8AB712 /* libPods-SKPegKitTests.a */ = {isa = PBXFileReference; explicitFileType = archive.ar; includeInIndex = 0; path = "libPods-SKPegKitTests.a"; sourceTree = BUILT_PRODUCTS_DIR; };
/* End PBXFileReference section */

/* Begin PBXFrameworksBuildPhase section */
		6F722CC82752A0D0007810F1 /* Frameworks */ = {
			isa = PBXFrameworksBuildPhase;
			buildActionMask = 2147483647;
			files = (
				6FD232F22752ACB60023FEAC /* Cocoa.framework in Frameworks */,
			);
			runOnlyForDeploymentPostprocessing = 0;
		};
		6F722CD22752A0D1007810F1 /* Frameworks */ = {
			isa = PBXFrameworksBuildPhase;
			buildActionMask = 2147483647;
			files = (
				6F722CD62752A0D1007810F1 /* SKPegKit.framework in Frameworks */,
				6FA9BC91B78EF0E3C5B40426 /* libPods-SKPegKitTests.a in Frameworks */,
			);
			runOnlyForDeploymentPostprocessing = 0;
		};
/* End PBXFrameworksBuildPhase section */

/* Begin PBXGroup section */
		6F722CC12752A0D0007810F1 = {
			isa = PBXGroup;
			children = (
				6F722CCD2752A0D0007810F1 /* SKPegKit */,
				6F722CD92752A0D1007810F1 /* SKPegKitTests */,
				6F722CCC2752A0D0007810F1 /* Products */,
				6FD232F02752ACB60023FEAC /* Frameworks */,
				FF281B086C3CD18F7C0F38E0 /* Pods */,
			);
			sourceTree = "<group>";
		};
		6F722CCC2752A0D0007810F1 /* Products */ = {
			isa = PBXGroup;
			children = (
				6F722CCB2752A0D0007810F1 /* SKPegKit.framework */,
				6F722CD52752A0D1007810F1 /* SKPegKitTests.xctest */,
			);
			name = Products;
			sourceTree = "<group>";
		};
		6F722CCD2752A0D0007810F1 /* SKPegKit */ = {
			isa = PBXGroup;
			children = (
				6F722CCE2752A0D0007810F1 /* SKPegKit.h */,
				6F722CF22752A641007810F1 /* PKTypes.h */,
				6F722CCF2752A0D0007810F1 /* SKPegKit.docc */,
				6F722CF12752A618007810F1 /* io */,
				6F3D75082752B0770003CEE4 /* Podfile */,
			);
			path = SKPegKit;
			sourceTree = "<group>";
		};
		6F722CD92752A0D1007810F1 /* SKPegKitTests */ = {
			isa = PBXGroup;
			children = (
				6F722CE52752A129007810F1 /* TDTestScaffold.h */,
				6F722CE62752A129007810F1 /* TDTestScaffold.m */,
				6F722CEE2752A517007810F1 /* Tokenizer Tests */,
			);
			path = SKPegKitTests;
			sourceTree = "<group>";
		};
		6F722CEE2752A517007810F1 /* Tokenizer Tests */ = {
			isa = PBXGroup;
			children = (
				6FD232EE2752A9100023FEAC /* TDReaderTest.m */,
			);
			path = "Tokenizer Tests";
			sourceTree = "<group>";
		};
		6F722CF12752A618007810F1 /* io */ = {
			isa = PBXGroup;
			children = (
				6F722CF32752A69D007810F1 /* PKReader.h */,
				6F722CF42752A69D007810F1 /* PKReader.m */,
			);
			path = io;
			sourceTree = "<group>";
		};
		6FD232F02752ACB60023FEAC /* Frameworks */ = {
			isa = PBXGroup;
			children = (
				6FD232F12752ACB60023FEAC /* Cocoa.framework */,
				E07BBB602D531E062A8AB712 /* libPods-SKPegKitTests.a */,
			);
			name = Frameworks;
			sourceTree = "<group>";
		};
		FF281B086C3CD18F7C0F38E0 /* Pods */ = {
			isa = PBXGroup;
			children = (
				A0CEC1D38566913923D13E03 /* Pods-SKPegKitTests.debug.xcconfig */,
				6E574D82F37D7C3286A16A94 /* Pods-SKPegKitTests.release.xcconfig */,
			);
			name = Pods;
			path = Pods;
			sourceTree = "<group>";
		};
/* End PBXGroup section */

/* Begin PBXHeadersBuildPhase section */
		6F722CC62752A0D0007810F1 /* Headers */ = {
			isa = PBXHeadersBuildPhase;
			buildActionMask = 2147483647;
			files = (
				6F722CF52752A69D007810F1 /* PKReader.h in Headers */,
				6F722CF72752A6E4007810F1 /* PKTypes.h in Headers */,
				6F722CDC2752A0D1007810F1 /* SKPegKit.h in Headers */,
			);
			runOnlyForDeploymentPostprocessing = 0;
		};
/* End PBXHeadersBuildPhase section */

/* Begin PBXNativeTarget section */
		6F722CCA2752A0D0007810F1 /* SKPegKit */ = {
			isa = PBXNativeTarget;
			buildConfigurationList = 6F722CDF2752A0D1007810F1 /* Build configuration list for PBXNativeTarget "SKPegKit" */;
			buildPhases = (
				6F722CC62752A0D0007810F1 /* Headers */,
				6F722CC72752A0D0007810F1 /* Sources */,
				6F722CC82752A0D0007810F1 /* Frameworks */,
				6F722CC92752A0D0007810F1 /* Resources */,
			);
			buildRules = (
			);
			dependencies = (
			);
			name = SKPegKit;
			productName = SKPegKit;
			productReference = 6F722CCB2752A0D0007810F1 /* SKPegKit.framework */;
			productType = "com.apple.product-type.framework";
		};
		6F722CD42752A0D1007810F1 /* SKPegKitTests */ = {
			isa = PBXNativeTarget;
			buildConfigurationList = 6F722CE22752A0D1007810F1 /* Build configuration list for PBXNativeTarget "SKPegKitTests" */;
			buildPhases = (
				58D2163FD69EB65F3CC9221E /* [CP] Check Pods Manifest.lock */,
				6F722CD12752A0D1007810F1 /* Sources */,
				6F722CD22752A0D1007810F1 /* Frameworks */,
				6F722CD32752A0D1007810F1 /* Resources */,
			);
			buildRules = (
			);
			dependencies = (
				6F722CD82752A0D1007810F1 /* PBXTargetDependency */,
			);
			name = SKPegKitTests;
			productName = SKPegKitTests;
			productReference = 6F722CD52752A0D1007810F1 /* SKPegKitTests.xctest */;
			productType = "com.apple.product-type.bundle.unit-test";
		};
/* End PBXNativeTarget section */

/* Begin PBXProject section */
		6F722CC22752A0D0007810F1 /* Project object */ = {
			isa = PBXProject;
			attributes = {
				BuildIndependentTargetsInParallel = 1;
				LastUpgradeCheck = 1310;
				TargetAttributes = {
					6F722CCA2752A0D0007810F1 = {
						CreatedOnToolsVersion = 13.1;
					};
					6F722CD42752A0D1007810F1 = {
						CreatedOnToolsVersion = 13.1;
					};
				};
			};
			buildConfigurationList = 6F722CC52752A0D0007810F1 /* Build configuration list for PBXProject "SKPegKit" */;
			compatibilityVersion = "Xcode 13.0";
			developmentRegion = en;
			hasScannedForEncodings = 0;
			knownRegions = (
				en,
				Base,
			);
			mainGroup = 6F722CC12752A0D0007810F1;
			productRefGroup = 6F722CCC2752A0D0007810F1 /* Products */;
			projectDirPath = "";
			projectRoot = "";
			targets = (
				6F722CCA2752A0D0007810F1 /* SKPegKit */,
				6F722CD42752A0D1007810F1 /* SKPegKitTests */,
			);
		};
/* End PBXProject section */

/* Begin PBXResourcesBuildPhase section */
		6F722CC92752A0D0007810F1 /* Resources */ = {
			isa = PBXResourcesBuildPhase;
			buildActionMask = 2147483647;
			files = (
			);
			runOnlyForDeploymentPostprocessing = 0;
		};
		6F722CD32752A0D1007810F1 /* Resources */ = {
			isa = PBXResourcesBuildPhase;
			buildActionMask = 2147483647;
			files = (
			);
			runOnlyForDeploymentPostprocessing = 0;
		};
/* End PBXResourcesBuildPhase section */

/* Begin PBXShellScriptBuildPhase section */
		58D2163FD69EB65F3CC9221E /* [CP] Check Pods Manifest.lock */ = {
			isa = PBXShellScriptBuildPhase;
			buildActionMask = 2147483647;
			files = (
			);
			inputFileListPaths = (
			);
			inputPaths = (
				"${PODS_PODFILE_DIR_PATH}/Podfile.lock",
				"${PODS_ROOT}/Manifest.lock",
			);
			name = "[CP] Check Pods Manifest.lock";
			outputFileListPaths = (
			);
			outputPaths = (
				"$(DERIVED_FILE_DIR)/Pods-SKPegKitTests-checkManifestLockResult.txt",
			);
			runOnlyForDeploymentPostprocessing = 0;
			shellPath = /bin/sh;
			shellScript = "diff \"${PODS_PODFILE_DIR_PATH}/Podfile.lock\" \"${PODS_ROOT}/Manifest.lock\" > /dev/null\nif [ $? != 0 ] ; then\n    # print error to STDERR\n    echo \"error: The sandbox is not in sync with the Podfile.lock. Run 'pod install' or update your CocoaPods installation.\" >&2\n    exit 1\nfi\n# This output is used by Xcode 'outputs' to avoid re-running this script phase.\necho \"SUCCESS\" > \"${SCRIPT_OUTPUT_FILE_0}\"\n";
			showEnvVarsInLog = 0;
		};
/* End PBXShellScriptBuildPhase section */

/* Begin PBXSourcesBuildPhase section */
		6F722CC72752A0D0007810F1 /* Sources */ = {
			isa = PBXSourcesBuildPhase;
			buildActionMask = 2147483647;
			files = (
				6F722CD02752A0D0007810F1 /* SKPegKit.docc in Sources */,
				6F722CF62752A69D007810F1 /* PKReader.m in Sources */,
			);
			runOnlyForDeploymentPostprocessing = 0;
		};
		6F722CD12752A0D1007810F1 /* Sources */ = {
			isa = PBXSourcesBuildPhase;
			buildActionMask = 2147483647;
			files = (
				6FD232EF2752A9100023FEAC /* TDReaderTest.m in Sources */,
				6F722CE72752A129007810F1 /* TDTestScaffold.m in Sources */,
			);
			runOnlyForDeploymentPostprocessing = 0;
		};
/* End PBXSourcesBuildPhase section */

/* Begin PBXTargetDependency section */
		6F722CD82752A0D1007810F1 /* PBXTargetDependency */ = {
			isa = PBXTargetDependency;
			target = 6F722CCA2752A0D0007810F1 /* SKPegKit */;
			targetProxy = 6F722CD72752A0D1007810F1 /* PBXContainerItemProxy */;
		};
/* End PBXTargetDependency section */

/* Begin XCBuildConfiguration section */
		6F722CDD2752A0D1007810F1 /* Debug */ = {
			isa = XCBuildConfiguration;
			buildSettings = {
				ALWAYS_SEARCH_USER_PATHS = NO;
				CLANG_ANALYZER_NONNULL = YES;
				CLANG_ANALYZER_NUMBER_OBJECT_CONVERSION = YES_AGGRESSIVE;
				CLANG_CXX_LANGUAGE_STANDARD = "gnu++17";
				CLANG_CXX_LIBRARY = "libc++";
				CLANG_ENABLE_MODULES = YES;
				CLANG_ENABLE_OBJC_ARC = YES;
				CLANG_ENABLE_OBJC_WEAK = YES;
				CLANG_WARN_BLOCK_CAPTURE_AUTORELEASING = YES;
				CLANG_WARN_BOOL_CONVERSION = YES;
				CLANG_WARN_COMMA = YES;
				CLANG_WARN_CONSTANT_CONVERSION = YES;
				CLANG_WARN_DEPRECATED_OBJC_IMPLEMENTATIONS = YES;
				CLANG_WARN_DIRECT_OBJC_ISA_USAGE = YES_ERROR;
				CLANG_WARN_DOCUMENTATION_COMMENTS = YES;
				CLANG_WARN_EMPTY_BODY = YES;
				CLANG_WARN_ENUM_CONVERSION = YES;
				CLANG_WARN_INFINITE_RECURSION = YES;
				CLANG_WARN_INT_CONVERSION = YES;
				CLANG_WARN_NON_LITERAL_NULL_CONVERSION = YES;
				CLANG_WARN_OBJC_IMPLICIT_RETAIN_SELF = YES;
				CLANG_WARN_OBJC_LITERAL_CONVERSION = YES;
				CLANG_WARN_OBJC_ROOT_CLASS = YES_ERROR;
				CLANG_WARN_QUOTED_INCLUDE_IN_FRAMEWORK_HEADER = YES;
				CLANG_WARN_RANGE_LOOP_ANALYSIS = YES;
				CLANG_WARN_STRICT_PROTOTYPES = YES;
				CLANG_WARN_SUSPICIOUS_MOVE = YES;
				CLANG_WARN_UNGUARDED_AVAILABILITY = YES_AGGRESSIVE;
				CLANG_WARN_UNREACHABLE_CODE = YES;
				CLANG_WARN__DUPLICATE_METHOD_MATCH = YES;
				COPY_PHASE_STRIP = NO;
				CURRENT_PROJECT_VERSION = 1;
				DEBUG_INFORMATION_FORMAT = dwarf;
				ENABLE_STRICT_OBJC_MSGSEND = YES;
				ENABLE_TESTABILITY = YES;
				GCC_C_LANGUAGE_STANDARD = gnu11;
				GCC_DYNAMIC_NO_PIC = NO;
				GCC_NO_COMMON_BLOCKS = YES;
				GCC_OPTIMIZATION_LEVEL = 0;
				GCC_PREPROCESSOR_DEFINITIONS = (
					"DEBUG=1",
					"$(inherited)",
				);
				GCC_WARN_64_TO_32_BIT_CONVERSION = YES;
				GCC_WARN_ABOUT_RETURN_TYPE = YES_ERROR;
				GCC_WARN_UNDECLARED_SELECTOR = YES;
				GCC_WARN_UNINITIALIZED_AUTOS = YES_AGGRESSIVE;
				GCC_WARN_UNUSED_FUNCTION = YES;
				GCC_WARN_UNUSED_VARIABLE = YES;
				MACOSX_DEPLOYMENT_TARGET = 11.6;
				MTL_ENABLE_DEBUG_INFO = INCLUDE_SOURCE;
				MTL_FAST_MATH = YES;
				ONLY_ACTIVE_ARCH = YES;
				SDKROOT = macosx;
				VERSIONING_SYSTEM = "apple-generic";
				VERSION_INFO_PREFIX = "";
			};
			name = Debug;
		};
		6F722CDE2752A0D1007810F1 /* Release */ = {
			isa = XCBuildConfiguration;
			buildSettings = {
				ALWAYS_SEARCH_USER_PATHS = NO;
				CLANG_ANALYZER_NONNULL = YES;
				CLANG_ANALYZER_NUMBER_OBJECT_CONVERSION = YES_AGGRESSIVE;
				CLANG_CXX_LANGUAGE_STANDARD = "gnu++17";
				CLANG_CXX_LIBRARY = "libc++";
				CLANG_ENABLE_MODULES = YES;
				CLANG_ENABLE_OBJC_ARC = YES;
				CLANG_ENABLE_OBJC_WEAK = YES;
				CLANG_WARN_BLOCK_CAPTURE_AUTORELEASING = YES;
				CLANG_WARN_BOOL_CONVERSION = YES;
				CLANG_WARN_COMMA = YES;
				CLANG_WARN_CONSTANT_CONVERSION = YES;
				CLANG_WARN_DEPRECATED_OBJC_IMPLEMENTATIONS = YES;
				CLANG_WARN_DIRECT_OBJC_ISA_USAGE = YES_ERROR;
				CLANG_WARN_DOCUMENTATION_COMMENTS = YES;
				CLANG_WARN_EMPTY_BODY = YES;
				CLANG_WARN_ENUM_CONVERSION = YES;
				CLANG_WARN_INFINITE_RECURSION = YES;
				CLANG_WARN_INT_CONVERSION = YES;
				CLANG_WARN_NON_LITERAL_NULL_CONVERSION = YES;
				CLANG_WARN_OBJC_IMPLICIT_RETAIN_SELF = YES;
				CLANG_WARN_OBJC_LITERAL_CONVERSION = YES;
				CLANG_WARN_OBJC_ROOT_CLASS = YES_ERROR;
				CLANG_WARN_QUOTED_INCLUDE_IN_FRAMEWORK_HEADER = YES;
				CLANG_WARN_RANGE_LOOP_ANALYSIS = YES;
				CLANG_WARN_STRICT_PROTOTYPES = YES;
				CLANG_WARN_SUSPICIOUS_MOVE = YES;
				CLANG_WARN_UNGUARDED_AVAILABILITY = YES_AGGRESSIVE;
				CLANG_WARN_UNREACHABLE_CODE = YES;
				CLANG_WARN__DUPLICATE_METHOD_MATCH = YES;
				COPY_PHASE_STRIP = NO;
				CURRENT_PROJECT_VERSION = 1;
				DEBUG_INFORMATION_FORMAT = "dwarf-with-dsym";
				ENABLE_NS_ASSERTIONS = NO;
				ENABLE_STRICT_OBJC_MSGSEND = YES;
				GCC_C_LANGUAGE_STANDARD = gnu11;
				GCC_NO_COMMON_BLOCKS = YES;
				GCC_WARN_64_TO_32_BIT_CONVERSION = YES;
				GCC_WARN_ABOUT_RETURN_TYPE = YES_ERROR;
				GCC_WARN_UNDECLARED_SELECTOR = YES;
				GCC_WARN_UNINITIALIZED_AUTOS = YES_AGGRESSIVE;
				GCC_WARN_UNUSED_FUNCTION = YES;
				GCC_WARN_UNUSED_VARIABLE = YES;
				MACOSX_DEPLOYMENT_TARGET = 11.6;
				MTL_ENABLE_DEBUG_INFO = NO;
				MTL_FAST_MATH = YES;
				SDKROOT = macosx;
				VERSIONING_SYSTEM = "apple-generic";
				VERSION_INFO_PREFIX = "";
			};
			name = Release;
		};
		6F722CE02752A0D1007810F1 /* Debug */ = {
			isa = XCBuildConfiguration;
			buildSettings = {
				CODE_SIGN_STYLE = Automatic;
				COMBINE_HIDPI_IMAGES = YES;
				CURRENT_PROJECT_VERSION = 1;
				DEFINES_MODULE = YES;
				DYLIB_COMPATIBILITY_VERSION = 1;
				DYLIB_CURRENT_VERSION = 1;
				DYLIB_INSTALL_NAME_BASE = "@rpath";
				FRAMEWORK_SEARCH_PATHS = (
					"$(inherited)",
					"$(PROJECT_DIR)/OCMock",
				);
				GENERATE_INFOPLIST_FILE = YES;
				INFOPLIST_KEY_NSHumanReadableCopyright = "";
				INSTALL_PATH = "$(LOCAL_LIBRARY_DIR)/Frameworks";
				LD_RUNPATH_SEARCH_PATHS = (
					"$(inherited)",
					"@executable_path/../Frameworks",
					"@loader_path/Frameworks",
				);
				MARKETING_VERSION = 1.0;
				PRODUCT_BUNDLE_IDENTIFIER = com.sectormobile.SKPegKit;
				PRODUCT_NAME = "$(TARGET_NAME:c99extidentifier)";
				SKIP_INSTALL = YES;
				SWIFT_EMIT_LOC_STRINGS = YES;
			};
			name = Debug;
		};
		6F722CE12752A0D1007810F1 /* Release */ = {
			isa = XCBuildConfiguration;
			buildSettings = {
				CODE_SIGN_STYLE = Automatic;
				COMBINE_HIDPI_IMAGES = YES;
				CURRENT_PROJECT_VERSION = 1;
				DEFINES_MODULE = YES;
				DYLIB_COMPATIBILITY_VERSION = 1;
				DYLIB_CURRENT_VERSION = 1;
				DYLIB_INSTALL_NAME_BASE = "@rpath";
				FRAMEWORK_SEARCH_PATHS = (
					"$(inherited)",
					"$(PROJECT_DIR)/OCMock",
				);
				GENERATE_INFOPLIST_FILE = YES;
				INFOPLIST_KEY_NSHumanReadableCopyright = "";
				INSTALL_PATH = "$(LOCAL_LIBRARY_DIR)/Frameworks";
				LD_RUNPATH_SEARCH_PATHS = (
					"$(inherited)",
					"@executable_path/../Frameworks",
					"@loader_path/Frameworks",
				);
				MARKETING_VERSION = 1.0;
				PRODUCT_BUNDLE_IDENTIFIER = com.sectormobile.SKPegKit;
				PRODUCT_NAME = "$(TARGET_NAME:c99extidentifier)";
				SKIP_INSTALL = YES;
				SWIFT_EMIT_LOC_STRINGS = YES;
			};
			name = Release;
		};
		6F722CE32752A0D1007810F1 /* Debug */ = {
			isa = XCBuildConfiguration;
			baseConfigurationReference = A0CEC1D38566913923D13E03 /* Pods-SKPegKitTests.debug.xcconfig */;
			buildSettings = {
				CODE_SIGN_STYLE = Automatic;
				COMBINE_HIDPI_IMAGES = YES;
				CURRENT_PROJECT_VERSION = 1;
				FRAMEWORK_SEARCH_PATHS = (
					"$(inherited)",
					"$(PROJECT_DIR)/SKPegKitTests/OCMock",
					"$(PROJECT_DIR)/OCMock",
				);
				GENERATE_INFOPLIST_FILE = YES;
				LD_RUNPATH_SEARCH_PATHS = (
					"$(inherited)",
					"@executable_path/../Frameworks",
					"@loader_path/../Frameworks",
				);
				MARKETING_VERSION = 1.0;
				PRODUCT_BUNDLE_IDENTIFIER = com.sectormobile.SKPegKitTests;
				PRODUCT_NAME = "$(TARGET_NAME)";
				SWIFT_EMIT_LOC_STRINGS = NO;
			};
			name = Debug;
		};
		6F722CE42752A0D1007810F1 /* Release */ = {
			isa = XCBuildConfiguration;
			baseConfigurationReference = 6E574D82F37D7C3286A16A94 /* Pods-SKPegKitTests.release.xcconfig */;
			buildSettings = {
				CODE_SIGN_STYLE = Automatic;
				COMBINE_HIDPI_IMAGES = YES;
				CURRENT_PROJECT_VERSION = 1;
				FRAMEWORK_SEARCH_PATHS = (
					"$(inherited)",
					"$(PROJECT_DIR)/SKPegKitTests/OCMock",
					"$(PROJECT_DIR)/OCMock",
				);
				GENERATE_INFOPLIST_FILE = YES;
				LD_RUNPATH_SEARCH_PATHS = (
					"$(inherited)",
					"@executable_path/../Frameworks",
					"@loader_path/../Frameworks",
				);
				MARKETING_VERSION = 1.0;
				PRODUCT_BUNDLE_IDENTIFIER = com.sectormobile.SKPegKitTests;
				PRODUCT_NAME = "$(TARGET_NAME)";
				SWIFT_EMIT_LOC_STRINGS = NO;
			};
			name = Release;
		};
/* End XCBuildConfiguration section */

/* Begin XCConfigurationList section */
		6F722CC52752A0D0007810F1 /* Build configuration list for PBXProject "SKPegKit" */ = {
			isa = XCConfigurationList;
			buildConfigurations = (
				6F722CDD2752A0D1007810F1 /* Debug */,
				6F722CDE2752A0D1007810F1 /* Release */,
			);
			defaultConfigurationIsVisible = 0;
			defaultConfigurationName = Release;
		};
		6F722CDF2752A0D1007810F1 /* Build configuration list for PBXNativeTarget "SKPegKit" */ = {
			isa = XCConfigurationList;
			buildConfigurations = (
				6F722CE02752A0D1007810F1 /* Debug */,
				6F722CE12752A0D1007810F1 /* Release */,
			);
			defaultConfigurationIsVisible = 0;
			defaultConfigurationName = Release;
		};
		6F722CE22752A0D1007810F1 /* Build configuration list for PBXNativeTarget "SKPegKitTests" */ = {
			isa = XCConfigurationList;
			buildConfigurations = (
				6F722CE32752A0D1007810F1 /* Debug */,
				6F722CE42752A0D1007810F1 /* Release */,
			);
			defaultConfigurationIsVisible = 0;
			defaultConfigurationName = Release;
		};
/* End XCConfigurationList section */
	};
	rootObject = 6F722CC22752A0D0007810F1 /* Project object */;
}
